// !$*UTF8*$!
{
	archiveVersion = 1;
	classes = {
	};
	objectVersion = 46;
	objects = {

/* Begin PBXBuildFile section */
		3A29A1621B4410B50070BD06 /* ASIAuthenticationDialog.m in Sources */ = {isa = PBXBuildFile; fileRef = 3A29A1111B4410B50070BD06 /* ASIAuthenticationDialog.m */; settings = {COMPILER_FLAGS = "-fno-objc-arc"; }; };
		3A29A1631B4410B50070BD06 /* ASIDataCompressor.m in Sources */ = {isa = PBXBuildFile; fileRef = 3A29A1141B4410B50070BD06 /* ASIDataCompressor.m */; settings = {COMPILER_FLAGS = "-fno-objc-arc"; }; };
		3A29A1641B4410B50070BD06 /* ASIDataDecompressor.m in Sources */ = {isa = PBXBuildFile; fileRef = 3A29A1161B4410B50070BD06 /* ASIDataDecompressor.m */; settings = {COMPILER_FLAGS = "-fno-objc-arc"; }; };
		3A29A1651B4410B50070BD06 /* ASIDownloadCache.m in Sources */ = {isa = PBXBuildFile; fileRef = 3A29A1181B4410B50070BD06 /* ASIDownloadCache.m */; settings = {COMPILER_FLAGS = "-fno-objc-arc"; }; };
		3A29A1661B4410B50070BD06 /* ASIFormDataRequest.m in Sources */ = {isa = PBXBuildFile; fileRef = 3A29A11A1B4410B50070BD06 /* ASIFormDataRequest.m */; settings = {COMPILER_FLAGS = "-fno-objc-arc"; }; };
		3A29A1671B4410B50070BD06 /* ASIHTTPRequest.m in Sources */ = {isa = PBXBuildFile; fileRef = 3A29A11C1B4410B50070BD06 /* ASIHTTPRequest.m */; settings = {COMPILER_FLAGS = "-fno-objc-arc"; }; };
		3A29A1681B4410B50070BD06 /* ASIInputStream.m in Sources */ = {isa = PBXBuildFile; fileRef = 3A29A1201B4410B50070BD06 /* ASIInputStream.m */; settings = {COMPILER_FLAGS = "-fno-objc-arc"; }; };
		3A29A1691B4410B50070BD06 /* ASINetworkQueue.m in Sources */ = {isa = PBXBuildFile; fileRef = 3A29A1221B4410B50070BD06 /* ASINetworkQueue.m */; settings = {COMPILER_FLAGS = "-fno-objc-arc"; }; };
		3A29A16A1B4410B50070BD06 /* ASIWebPageRequest.m in Sources */ = {isa = PBXBuildFile; fileRef = 3A29A1261B4410B50070BD06 /* ASIWebPageRequest.m */; settings = {COMPILER_FLAGS = "-fno-objc-arc"; }; };
		3A29A16B1B4410B50070BD06 /* ASICloudFilesCDNRequest.m in Sources */ = {isa = PBXBuildFile; fileRef = 3A29A1291B4410B50070BD06 /* ASICloudFilesCDNRequest.m */; settings = {COMPILER_FLAGS = "-fno-objc-arc"; }; };
		3A29A16C1B4410B50070BD06 /* ASICloudFilesContainer.m in Sources */ = {isa = PBXBuildFile; fileRef = 3A29A12B1B4410B50070BD06 /* ASICloudFilesContainer.m */; settings = {COMPILER_FLAGS = "-fno-objc-arc"; }; };
		3A29A16D1B4410B50070BD06 /* ASICloudFilesContainerRequest.m in Sources */ = {isa = PBXBuildFile; fileRef = 3A29A12D1B4410B50070BD06 /* ASICloudFilesContainerRequest.m */; settings = {COMPILER_FLAGS = "-fno-objc-arc"; }; };
		3A29A16E1B4410B50070BD06 /* ASICloudFilesContainerXMLParserDelegate.m in Sources */ = {isa = PBXBuildFile; fileRef = 3A29A12F1B4410B50070BD06 /* ASICloudFilesContainerXMLParserDelegate.m */; settings = {COMPILER_FLAGS = "-fno-objc-arc"; }; };
		3A29A16F1B4410B50070BD06 /* ASICloudFilesObject.m in Sources */ = {isa = PBXBuildFile; fileRef = 3A29A1311B4410B50070BD06 /* ASICloudFilesObject.m */; settings = {COMPILER_FLAGS = "-fno-objc-arc"; }; };
		3A29A1701B4410B50070BD06 /* ASICloudFilesObjectRequest.m in Sources */ = {isa = PBXBuildFile; fileRef = 3A29A1331B4410B50070BD06 /* ASICloudFilesObjectRequest.m */; settings = {COMPILER_FLAGS = "-fno-objc-arc"; }; };
		3A29A1711B4410B50070BD06 /* ASICloudFilesRequest.m in Sources */ = {isa = PBXBuildFile; fileRef = 3A29A1351B4410B50070BD06 /* ASICloudFilesRequest.m */; settings = {COMPILER_FLAGS = "-fno-objc-arc"; }; };
		3A29A1721B4410B50070BD06 /* ASIS3Bucket.m in Sources */ = {isa = PBXBuildFile; fileRef = 3A29A1391B4410B50070BD06 /* ASIS3Bucket.m */; settings = {COMPILER_FLAGS = "-fno-objc-arc"; }; };
		3A29A1731B4410B50070BD06 /* ASIS3BucketObject.m in Sources */ = {isa = PBXBuildFile; fileRef = 3A29A13B1B4410B50070BD06 /* ASIS3BucketObject.m */; settings = {COMPILER_FLAGS = "-fno-objc-arc"; }; };
		3A29A1741B4410B50070BD06 /* ASIS3BucketRequest.m in Sources */ = {isa = PBXBuildFile; fileRef = 3A29A13D1B4410B50070BD06 /* ASIS3BucketRequest.m */; settings = {COMPILER_FLAGS = "-fno-objc-arc"; }; };
		3A29A1751B4410B50070BD06 /* ASIS3ObjectRequest.m in Sources */ = {isa = PBXBuildFile; fileRef = 3A29A13F1B4410B50070BD06 /* ASIS3ObjectRequest.m */; settings = {COMPILER_FLAGS = "-fno-objc-arc"; }; };
		3A29A1761B4410B50070BD06 /* ASIS3Request.m in Sources */ = {isa = PBXBuildFile; fileRef = 3A29A1411B4410B50070BD06 /* ASIS3Request.m */; settings = {COMPILER_FLAGS = "-fno-objc-arc"; }; };
		3A29A1771B4410B50070BD06 /* ASIS3ServiceRequest.m in Sources */ = {isa = PBXBuildFile; fileRef = 3A29A1431B4410B50070BD06 /* ASIS3ServiceRequest.m */; settings = {COMPILER_FLAGS = "-fno-objc-arc"; }; };
		3A29A1891B4411910070BD06 /* Reachability.m in Sources */ = {isa = PBXBuildFile; fileRef = 3A29A1881B4411910070BD06 /* Reachability.m */; };
		3A29A18B1B4411EF0070BD06 /* libz.dylib in Frameworks */ = {isa = PBXBuildFile; fileRef = 3A29A18A1B4411EF0070BD06 /* libz.dylib */; };
		44080AAC1B00F32F000C8C3F /* registericonnew.png in Resources */ = {isa = PBXBuildFile; fileRef = 44080AAB1B00F32F000C8C3F /* registericonnew.png */; };
		444240BA1AF25174004987C0 /* background.png in Resources */ = {isa = PBXBuildFile; fileRef = 444240B91AF25174004987C0 /* background.png */; };
		444240BF1AF2539E004987C0 /* Registerbg.png in Resources */ = {isa = PBXBuildFile; fileRef = 444240BE1AF2539E004987C0 /* Registerbg.png */; };
		4466203B1AF2709B00372D5C /* register_btn300.png in Resources */ = {isa = PBXBuildFile; fileRef = 4466203A1AF2709B00372D5C /* register_btn300.png */; };
		4466203F1AF2733400372D5C /* registerbtn.png in Resources */ = {isa = PBXBuildFile; fileRef = 4466203C1AF2733400372D5C /* registerbtn.png */; };
		446620401AF2733400372D5C /* registerbtn@2x.png in Resources */ = {isa = PBXBuildFile; fileRef = 4466203D1AF2733400372D5C /* registerbtn@2x.png */; };
		446620411AF2733400372D5C /* registerbtn@3x.png in Resources */ = {isa = PBXBuildFile; fileRef = 4466203E1AF2733400372D5C /* registerbtn@3x.png */; };
		448026961AF349B400309429 /* Registertextfield.png in Resources */ = {isa = PBXBuildFile; fileRef = 448026931AF349B400309429 /* Registertextfield.png */; };
		448026971AF349B400309429 /* Registertextfield@2x.png in Resources */ = {isa = PBXBuildFile; fileRef = 448026941AF349B400309429 /* Registertextfield@2x.png */; };
		448026981AF349B400309429 /* Registertextfield@3x.png in Resources */ = {isa = PBXBuildFile; fileRef = 448026951AF349B400309429 /* Registertextfield@3x.png */; };
		448E477A1AF2677600DFBF62 /* registericon.png in Resources */ = {isa = PBXBuildFile; fileRef = 448E47791AF2677600DFBF62 /* registericon.png */; };
		450EE07B1B13667200D08FCD /* edit-profilebtn.png in Resources */ = {isa = PBXBuildFile; fileRef = 450EE0781B13667200D08FCD /* edit-profilebtn.png */; };
		450EE07C1B13667200D08FCD /* edit-profilebtn@2x.png in Resources */ = {isa = PBXBuildFile; fileRef = 450EE0791B13667200D08FCD /* edit-profilebtn@2x.png */; };
		450EE07D1B13667200D08FCD /* edit-profilebtn@3x.png in Resources */ = {isa = PBXBuildFile; fileRef = 450EE07A1B13667200D08FCD /* edit-profilebtn@3x.png */; };
		451E406F1AEF56E20028FA95 /* VideoListViewController.m in Sources */ = {isa = PBXBuildFile; fileRef = 451E406E1AEF56E20028FA95 /* VideoListViewController.m */; };
		451E40721AEF5A960028FA95 /* VideoListTableViewCell.m in Sources */ = {isa = PBXBuildFile; fileRef = 451E40711AEF5A960028FA95 /* VideoListTableViewCell.m */; };
		451E40931AEF60FB0028FA95 /* LICENSE in Resources */ = {isa = PBXBuildFile; fileRef = 451E40741AEF60FB0028FA95 /* LICENSE */; };
		451E40941AEF60FB0028FA95 /* NSData+ImageContentType.m in Sources */ = {isa = PBXBuildFile; fileRef = 451E40771AEF60FB0028FA95 /* NSData+ImageContentType.m */; };
		451E40951AEF60FB0028FA95 /* SDImageCache.m in Sources */ = {isa = PBXBuildFile; fileRef = 451E40791AEF60FB0028FA95 /* SDImageCache.m */; };
		451E40961AEF60FB0028FA95 /* SDWebImageCompat.m in Sources */ = {isa = PBXBuildFile; fileRef = 451E407B1AEF60FB0028FA95 /* SDWebImageCompat.m */; };
		451E40971AEF60FB0028FA95 /* SDWebImageDecoder.m in Sources */ = {isa = PBXBuildFile; fileRef = 451E407D1AEF60FB0028FA95 /* SDWebImageDecoder.m */; };
		451E40981AEF60FB0028FA95 /* SDWebImageDownloader.m in Sources */ = {isa = PBXBuildFile; fileRef = 451E407F1AEF60FB0028FA95 /* SDWebImageDownloader.m */; };
		451E40991AEF60FB0028FA95 /* SDWebImageDownloaderOperation.m in Sources */ = {isa = PBXBuildFile; fileRef = 451E40811AEF60FB0028FA95 /* SDWebImageDownloaderOperation.m */; };
		451E409A1AEF60FB0028FA95 /* SDWebImageManager.m in Sources */ = {isa = PBXBuildFile; fileRef = 451E40831AEF60FB0028FA95 /* SDWebImageManager.m */; };
		451E409B1AEF60FB0028FA95 /* SDWebImagePrefetcher.m in Sources */ = {isa = PBXBuildFile; fileRef = 451E40861AEF60FB0028FA95 /* SDWebImagePrefetcher.m */; };
		451E409C1AEF60FB0028FA95 /* UIButton+WebCache.m in Sources */ = {isa = PBXBuildFile; fileRef = 451E40881AEF60FB0028FA95 /* UIButton+WebCache.m */; };
		451E409D1AEF60FB0028FA95 /* UIImage+GIF.m in Sources */ = {isa = PBXBuildFile; fileRef = 451E408A1AEF60FB0028FA95 /* UIImage+GIF.m */; };
		451E409E1AEF60FB0028FA95 /* UIImage+MultiFormat.m in Sources */ = {isa = PBXBuildFile; fileRef = 451E408C1AEF60FB0028FA95 /* UIImage+MultiFormat.m */; };
		451E409F1AEF60FB0028FA95 /* UIImageView+HighlightedWebCache.m in Sources */ = {isa = PBXBuildFile; fileRef = 451E408E1AEF60FB0028FA95 /* UIImageView+HighlightedWebCache.m */; };
		451E40A01AEF60FB0028FA95 /* UIImageView+WebCache.m in Sources */ = {isa = PBXBuildFile; fileRef = 451E40901AEF60FB0028FA95 /* UIImageView+WebCache.m */; };
		451E40A11AEF60FB0028FA95 /* UIView+WebCacheOperation.m in Sources */ = {isa = PBXBuildFile; fileRef = 451E40921AEF60FB0028FA95 /* UIView+WebCacheOperation.m */; };
		451E40A61AEF61F10028FA95 /* LICENSE.txt in Resources */ = {isa = PBXBuildFile; fileRef = 451E40A31AEF61F10028FA95 /* LICENSE.txt */; };
		451E40A71AEF61F10028FA95 /* UIImageView+UIActivityIndicatorForSDWebImage.m in Sources */ = {isa = PBXBuildFile; fileRef = 451E40A51AEF61F10028FA95 /* UIImageView+UIActivityIndicatorForSDWebImage.m */; };
		451E40AA1AEF62ED0028FA95 /* Creatbtn.png in Resources */ = {isa = PBXBuildFile; fileRef = 451E40A81AEF62ED0028FA95 /* Creatbtn.png */; };
		451E40AB1AEF62ED0028FA95 /* Creatbtn@2x.png in Resources */ = {isa = PBXBuildFile; fileRef = 451E40A91AEF62ED0028FA95 /* Creatbtn@2x.png */; };
		451E40B21AEF8C2A0028FA95 /* VideoViewViewController.m in Sources */ = {isa = PBXBuildFile; fileRef = 451E40B11AEF8C2A0028FA95 /* VideoViewViewController.m */; };
		451E40B51AEFB0EB0028FA95 /* VideoSmallicon.png in Resources */ = {isa = PBXBuildFile; fileRef = 451E40B31AEFB0EB0028FA95 /* VideoSmallicon.png */; };
		451E40B61AEFB0EB0028FA95 /* VideoSmallicon@2x.png in Resources */ = {isa = PBXBuildFile; fileRef = 451E40B41AEFB0EB0028FA95 /* VideoSmallicon@2x.png */; };
		451E40B91AEFB8200028FA95 /* VideoBig.png in Resources */ = {isa = PBXBuildFile; fileRef = 451E40B71AEFB8200028FA95 /* VideoBig.png */; };
		451E40BA1AEFB8200028FA95 /* VideoBig@2x.png in Resources */ = {isa = PBXBuildFile; fileRef = 451E40B81AEFB8200028FA95 /* VideoBig@2x.png */; };
		45246E8B1AF0ADC800A51A66 /* EditVideoViewController.m in Sources */ = {isa = PBXBuildFile; fileRef = 45246E8A1AF0ADC800A51A66 /* EditVideoViewController.m */; };
		45246E8D1AF0BA7300A51A66 /* uploadicon.jpeg in Resources */ = {isa = PBXBuildFile; fileRef = 45246E8C1AF0BA7300A51A66 /* uploadicon.jpeg */; };
		45246E901AF0BD7200A51A66 /* Buttonbackground.png in Resources */ = {isa = PBXBuildFile; fileRef = 45246E8E1AF0BD7200A51A66 /* Buttonbackground.png */; };
		45246E911AF0BD7200A51A66 /* Buttonbackground@2x.png in Resources */ = {isa = PBXBuildFile; fileRef = 45246E8F1AF0BD7200A51A66 /* Buttonbackground@2x.png */; };
		45269AE71B0B677B00F2ECDA /* MBProgressHUD.m in Sources */ = {isa = PBXBuildFile; fileRef = 45269AE61B0B677B00F2ECDA /* MBProgressHUD.m */; };
		4532BE321AEE3BD5005D8E92 /* Foundation.framework in Frameworks */ = {isa = PBXBuildFile; fileRef = 4532BE311AEE3BD5005D8E92 /* Foundation.framework */; };
		4532BE341AEE3BDF005D8E92 /* QuartzCore.framework in Frameworks */ = {isa = PBXBuildFile; fileRef = 4532BE331AEE3BDF005D8E92 /* QuartzCore.framework */; };
		4532BE361AEE3BE8005D8E92 /* MediaPlayer.framework in Frameworks */ = {isa = PBXBuildFile; fileRef = 4532BE351AEE3BE8005D8E92 /* MediaPlayer.framework */; };
		4532BE381AEE3BF4005D8E92 /* AssetsLibrary.framework in Frameworks */ = {isa = PBXBuildFile; fileRef = 4532BE371AEE3BF4005D8E92 /* AssetsLibrary.framework */; };
		4532BE3A1AEE3BF9005D8E92 /* ImageIO.framework in Frameworks */ = {isa = PBXBuildFile; fileRef = 4532BE391AEE3BF9005D8E92 /* ImageIO.framework */; };
		4532BE581AEE6B9F005D8E92 /* libxml2.2.dylib in Frameworks */ = {isa = PBXBuildFile; fileRef = 4532BE571AEE6B9F005D8E92 /* libxml2.2.dylib */; };
		45337B0F1B1F0121008230D7 /* iconTitleview.png in Resources */ = {isa = PBXBuildFile; fileRef = 45337B0E1B1F0121008230D7 /* iconTitleview.png */; };
		45337B111B1F012B008230D7 /* gradiount@2x.png in Resources */ = {isa = PBXBuildFile; fileRef = 45337B101B1F012B008230D7 /* gradiount@2x.png */; };
		4545B60A1AFCC91500839466 /* Overlay_image.png in Resources */ = {isa = PBXBuildFile; fileRef = 4545B6091AFCC91500839466 /* Overlay_image.png */; };
		4545B60C1AFCCC1400839466 /* ExtraFeild@2x.png in Resources */ = {isa = PBXBuildFile; fileRef = 4545B60B1AFCCC1400839466 /* ExtraFeild@2x.png */; };
		4549C1AC1B131C3A00E5243F /* EditProfileViewController.m in Sources */ = {isa = PBXBuildFile; fileRef = 4549C1AB1B131C3900E5243F /* EditProfileViewController.m */; };
		45740C101AE8BE3E00F2C9AF /* NSObject+SBJSON.m in Sources */ = {isa = PBXBuildFile; fileRef = 45740C051AE8BE3E00F2C9AF /* NSObject+SBJSON.m */; settings = {COMPILER_FLAGS = "-fno-objc-arc"; }; };
		45740C111AE8BE3E00F2C9AF /* NSString+SBJSON.m in Sources */ = {isa = PBXBuildFile; fileRef = 45740C071AE8BE3E00F2C9AF /* NSString+SBJSON.m */; settings = {COMPILER_FLAGS = "-fno-objc-arc"; }; };
		45740C121AE8BE3E00F2C9AF /* SBJSON.m in Sources */ = {isa = PBXBuildFile; fileRef = 45740C091AE8BE3E00F2C9AF /* SBJSON.m */; settings = {COMPILER_FLAGS = "-fno-objc-arc"; }; };
		45740C131AE8BE3E00F2C9AF /* SBJsonBase.m in Sources */ = {isa = PBXBuildFile; fileRef = 45740C0B1AE8BE3E00F2C9AF /* SBJsonBase.m */; settings = {COMPILER_FLAGS = "-fno-objc-arc"; }; };
		45740C141AE8BE3E00F2C9AF /* SBJsonParser.m in Sources */ = {isa = PBXBuildFile; fileRef = 45740C0D1AE8BE3E00F2C9AF /* SBJsonParser.m */; settings = {COMPILER_FLAGS = "-fno-objc-arc"; }; };
		45740C151AE8BE3E00F2C9AF /* SBJsonWriter.m in Sources */ = {isa = PBXBuildFile; fileRef = 45740C0F1AE8BE3E00F2C9AF /* SBJsonWriter.m */; settings = {COMPILER_FLAGS = "-fno-objc-arc"; }; };
		45740C181AE8D69400F2C9AF /* CreateVideoViewController.m in Sources */ = {isa = PBXBuildFile; fileRef = 45740C171AE8D69400F2C9AF /* CreateVideoViewController.m */; };
		45740C1B1AE8D7B300F2C9AF /* ChangepwdViewController.m in Sources */ = {isa = PBXBuildFile; fileRef = 45740C1A1AE8D7B300F2C9AF /* ChangepwdViewController.m */; };
		45740C1E1AE8D7D900F2C9AF /* SettingProfile.png in Resources */ = {isa = PBXBuildFile; fileRef = 45740C1D1AE8D7D900F2C9AF /* SettingProfile.png */; };
		4594A0D51B4EBA8F0052F644 /* Social.framework in Frameworks */ = {isa = PBXBuildFile; fileRef = 4594A0D41B4EBA8F0052F644 /* Social.framework */; };
		45B39F5F1AEA5BCE000F87B7 /* CoreVideo.framework in Frameworks */ = {isa = PBXBuildFile; fileRef = 45B39F5E1AEA5BCE000F87B7 /* CoreVideo.framework */; };
		45B39F611AEA5BD5000F87B7 /* CoreMedia.framework in Frameworks */ = {isa = PBXBuildFile; fileRef = 45B39F601AEA5BD5000F87B7 /* CoreMedia.framework */; };
		45B39FA41AEA607E000F87B7 /* AVFoundation.framework in Frameworks */ = {isa = PBXBuildFile; fileRef = 45B39FA31AEA607E000F87B7 /* AVFoundation.framework */; };
		45B39FA61AEA60C9000F87B7 /* UIKit.framework in Frameworks */ = {isa = PBXBuildFile; fileRef = 45B39FA51AEA60C9000F87B7 /* UIKit.framework */; };
		45B39FA81AEA60D3000F87B7 /* CoreGraphics.framework in Frameworks */ = {isa = PBXBuildFile; fileRef = 45B39FA71AEA60D3000F87B7 /* CoreGraphics.framework */; };
		45B3A02B1AEA6AB1000F87B7 /* MobileCoreServices.framework in Frameworks */ = {isa = PBXBuildFile; fileRef = 45B3A02A1AEA6AB1000F87B7 /* MobileCoreServices.framework */; };
		45B4F1F31B20885D009A6EF8 /* chekbox.png in Resources */ = {isa = PBXBuildFile; fileRef = 45B4F1F11B20885D009A6EF8 /* chekbox.png */; };
		45B4F1F41B20885D009A6EF8 /* chekboxTickmark.png in Resources */ = {isa = PBXBuildFile; fileRef = 45B4F1F21B20885D009A6EF8 /* chekboxTickmark.png */; };
		45B515D01B0DD8FB00D87E25 /* banner.png in Resources */ = {isa = PBXBuildFile; fileRef = 45B515CE1B0DD8FB00D87E25 /* banner.png */; };
		45B515D11B0DD8FB00D87E25 /* logo-left.png in Resources */ = {isa = PBXBuildFile; fileRef = 45B515CF1B0DD8FB00D87E25 /* logo-left.png */; };
		45B8C5C11AE66FAD0051B838 /* main.m in Sources */ = {isa = PBXBuildFile; fileRef = 45B8C5C01AE66FAD0051B838 /* main.m */; };
		45B8C5C41AE66FAD0051B838 /* AppDelegate.m in Sources */ = {isa = PBXBuildFile; fileRef = 45B8C5C31AE66FAD0051B838 /* AppDelegate.m */; };
		45B8C5C71AE66FAD0051B838 /* ViewController.m in Sources */ = {isa = PBXBuildFile; fileRef = 45B8C5C61AE66FAD0051B838 /* ViewController.m */; };
		45B8C5CA1AE66FAD0051B838 /* Main.storyboard in Resources */ = {isa = PBXBuildFile; fileRef = 45B8C5C81AE66FAD0051B838 /* Main.storyboard */; };
		45B8C5CC1AE66FAD0051B838 /* Images.xcassets in Resources */ = {isa = PBXBuildFile; fileRef = 45B8C5CB1AE66FAD0051B838 /* Images.xcassets */; };
		45B8C5CF1AE66FAD0051B838 /* LaunchScreen.xib in Resources */ = {isa = PBXBuildFile; fileRef = 45B8C5CD1AE66FAD0051B838 /* LaunchScreen.xib */; };
		45B8C5E61AE6733E0051B838 /* RegisterViewController.m in Sources */ = {isa = PBXBuildFile; fileRef = 45B8C5E51AE6733E0051B838 /* RegisterViewController.m */; };
		DF57CC6D1BF22CCF00665F71 /* SocialVideoHelper.m in Sources */ = {isa = PBXBuildFile; fileRef = DF57CC6C1BF22CCF00665F71 /* SocialVideoHelper.m */; };
		FC328FE41AFA1A21005DF4B6 /* infobackground.png in Resources */ = {isa = PBXBuildFile; fileRef = FC328FE31AFA1A21005DF4B6 /* infobackground.png */; };
		FC328FE61AFA1FED005DF4B6 /* setting-icon.png in Resources */ = {isa = PBXBuildFile; fileRef = FC328FE51AFA1FED005DF4B6 /* setting-icon.png */; };
		FC328FE81AFA263D005DF4B6 /* upload.png in Resources */ = {isa = PBXBuildFile; fileRef = FC328FE71AFA263D005DF4B6 /* upload.png */; };
		FC328FEE1AFA34BA005DF4B6 /* Edit@2x.png in Resources */ = {isa = PBXBuildFile; fileRef = FC328FED1AFA34BA005DF4B6 /* Edit@2x.png */; };
		FC328FF01AFA35C7005DF4B6 /* video-play.png in Resources */ = {isa = PBXBuildFile; fileRef = FC328FEF1AFA35C7005DF4B6 /* video-play.png */; };
		FC328FF21AFA3B5E005DF4B6 /* video-icon.png in Resources */ = {isa = PBXBuildFile; fileRef = FC328FF11AFA3B5E005DF4B6 /* video-icon.png */; };
		FCF524FC1AF3A3DE00CDEEE5 /* login@3x.png in Resources */ = {isa = PBXBuildFile; fileRef = FCF524FB1AF3A3DE00CDEEE5 /* login@3x.png */; };
		FCF524FE1AF3A41600CDEEE5 /* login@2x.png in Resources */ = {isa = PBXBuildFile; fileRef = FCF524FD1AF3A41600CDEEE5 /* login@2x.png */; };
		FCF525001AF3A42600CDEEE5 /* login300.png in Resources */ = {isa = PBXBuildFile; fileRef = FCF524FF1AF3A42600CDEEE5 /* login300.png */; };
		FCF525021AF3A6A700CDEEE5 /* Login.png in Resources */ = {isa = PBXBuildFile; fileRef = FCF525011AF3A6A700CDEEE5 /* Login.png */; };
		FCF525041AF3AE1600CDEEE5 /* loginbtn900.png in Resources */ = {isa = PBXBuildFile; fileRef = FCF525031AF3AE1600CDEEE5 /* loginbtn900.png */; };
		FCF525061AF3B1F200CDEEE5 /* forgotbtn900.png in Resources */ = {isa = PBXBuildFile; fileRef = FCF525051AF3B1F200CDEEE5 /* forgotbtn900.png */; };
/* End PBXBuildFile section */

/* Begin PBXFileReference section */
		3A29A1101B4410B50070BD06 /* ASIAuthenticationDialog.h */ = {isa = PBXFileReference; fileEncoding = 4; lastKnownFileType = sourcecode.c.h; path = ASIAuthenticationDialog.h; sourceTree = "<group>"; };
		3A29A1111B4410B50070BD06 /* ASIAuthenticationDialog.m */ = {isa = PBXFileReference; fileEncoding = 4; lastKnownFileType = sourcecode.c.objc; path = ASIAuthenticationDialog.m; sourceTree = "<group>"; };
		3A29A1121B4410B50070BD06 /* ASICacheDelegate.h */ = {isa = PBXFileReference; fileEncoding = 4; lastKnownFileType = sourcecode.c.h; path = ASICacheDelegate.h; sourceTree = "<group>"; };
		3A29A1131B4410B50070BD06 /* ASIDataCompressor.h */ = {isa = PBXFileReference; fileEncoding = 4; lastKnownFileType = sourcecode.c.h; path = ASIDataCompressor.h; sourceTree = "<group>"; };
		3A29A1141B4410B50070BD06 /* ASIDataCompressor.m */ = {isa = PBXFileReference; fileEncoding = 4; lastKnownFileType = sourcecode.c.objc; path = ASIDataCompressor.m; sourceTree = "<group>"; };
		3A29A1151B4410B50070BD06 /* ASIDataDecompressor.h */ = {isa = PBXFileReference; fileEncoding = 4; lastKnownFileType = sourcecode.c.h; path = ASIDataDecompressor.h; sourceTree = "<group>"; };
		3A29A1161B4410B50070BD06 /* ASIDataDecompressor.m */ = {isa = PBXFileReference; fileEncoding = 4; lastKnownFileType = sourcecode.c.objc; path = ASIDataDecompressor.m; sourceTree = "<group>"; };
		3A29A1171B4410B50070BD06 /* ASIDownloadCache.h */ = {isa = PBXFileReference; fileEncoding = 4; lastKnownFileType = sourcecode.c.h; path = ASIDownloadCache.h; sourceTree = "<group>"; };
		3A29A1181B4410B50070BD06 /* ASIDownloadCache.m */ = {isa = PBXFileReference; fileEncoding = 4; lastKnownFileType = sourcecode.c.objc; path = ASIDownloadCache.m; sourceTree = "<group>"; };
		3A29A1191B4410B50070BD06 /* ASIFormDataRequest.h */ = {isa = PBXFileReference; fileEncoding = 4; lastKnownFileType = sourcecode.c.h; path = ASIFormDataRequest.h; sourceTree = "<group>"; };
		3A29A11A1B4410B50070BD06 /* ASIFormDataRequest.m */ = {isa = PBXFileReference; fileEncoding = 4; lastKnownFileType = sourcecode.c.objc; path = ASIFormDataRequest.m; sourceTree = "<group>"; };
		3A29A11B1B4410B50070BD06 /* ASIHTTPRequest.h */ = {isa = PBXFileReference; fileEncoding = 4; lastKnownFileType = sourcecode.c.h; path = ASIHTTPRequest.h; sourceTree = "<group>"; };
		3A29A11C1B4410B50070BD06 /* ASIHTTPRequest.m */ = {isa = PBXFileReference; fileEncoding = 4; lastKnownFileType = sourcecode.c.objc; path = ASIHTTPRequest.m; sourceTree = "<group>"; };
		3A29A11D1B4410B50070BD06 /* ASIHTTPRequestConfig.h */ = {isa = PBXFileReference; fileEncoding = 4; lastKnownFileType = sourcecode.c.h; path = ASIHTTPRequestConfig.h; sourceTree = "<group>"; };
		3A29A11E1B4410B50070BD06 /* ASIHTTPRequestDelegate.h */ = {isa = PBXFileReference; fileEncoding = 4; lastKnownFileType = sourcecode.c.h; path = ASIHTTPRequestDelegate.h; sourceTree = "<group>"; };
		3A29A11F1B4410B50070BD06 /* ASIInputStream.h */ = {isa = PBXFileReference; fileEncoding = 4; lastKnownFileType = sourcecode.c.h; path = ASIInputStream.h; sourceTree = "<group>"; };
		3A29A1201B4410B50070BD06 /* ASIInputStream.m */ = {isa = PBXFileReference; fileEncoding = 4; lastKnownFileType = sourcecode.c.objc; path = ASIInputStream.m; sourceTree = "<group>"; };
		3A29A1211B4410B50070BD06 /* ASINetworkQueue.h */ = {isa = PBXFileReference; fileEncoding = 4; lastKnownFileType = sourcecode.c.h; path = ASINetworkQueue.h; sourceTree = "<group>"; };
		3A29A1221B4410B50070BD06 /* ASINetworkQueue.m */ = {isa = PBXFileReference; fileEncoding = 4; lastKnownFileType = sourcecode.c.objc; path = ASINetworkQueue.m; sourceTree = "<group>"; };
		3A29A1231B4410B50070BD06 /* ASIProgressDelegate.h */ = {isa = PBXFileReference; fileEncoding = 4; lastKnownFileType = sourcecode.c.h; path = ASIProgressDelegate.h; sourceTree = "<group>"; };
		3A29A1251B4410B50070BD06 /* ASIWebPageRequest.h */ = {isa = PBXFileReference; fileEncoding = 4; lastKnownFileType = sourcecode.c.h; path = ASIWebPageRequest.h; sourceTree = "<group>"; };
		3A29A1261B4410B50070BD06 /* ASIWebPageRequest.m */ = {isa = PBXFileReference; fileEncoding = 4; lastKnownFileType = sourcecode.c.objc; path = ASIWebPageRequest.m; sourceTree = "<group>"; };
		3A29A1281B4410B50070BD06 /* ASICloudFilesCDNRequest.h */ = {isa = PBXFileReference; fileEncoding = 4; lastKnownFileType = sourcecode.c.h; path = ASICloudFilesCDNRequest.h; sourceTree = "<group>"; };
		3A29A1291B4410B50070BD06 /* ASICloudFilesCDNRequest.m */ = {isa = PBXFileReference; fileEncoding = 4; lastKnownFileType = sourcecode.c.objc; path = ASICloudFilesCDNRequest.m; sourceTree = "<group>"; };
		3A29A12A1B4410B50070BD06 /* ASICloudFilesContainer.h */ = {isa = PBXFileReference; fileEncoding = 4; lastKnownFileType = sourcecode.c.h; path = ASICloudFilesContainer.h; sourceTree = "<group>"; };
		3A29A12B1B4410B50070BD06 /* ASICloudFilesContainer.m */ = {isa = PBXFileReference; fileEncoding = 4; lastKnownFileType = sourcecode.c.objc; path = ASICloudFilesContainer.m; sourceTree = "<group>"; };
		3A29A12C1B4410B50070BD06 /* ASICloudFilesContainerRequest.h */ = {isa = PBXFileReference; fileEncoding = 4; lastKnownFileType = sourcecode.c.h; path = ASICloudFilesContainerRequest.h; sourceTree = "<group>"; };
		3A29A12D1B4410B50070BD06 /* ASICloudFilesContainerRequest.m */ = {isa = PBXFileReference; fileEncoding = 4; lastKnownFileType = sourcecode.c.objc; path = ASICloudFilesContainerRequest.m; sourceTree = "<group>"; };
		3A29A12E1B4410B50070BD06 /* ASICloudFilesContainerXMLParserDelegate.h */ = {isa = PBXFileReference; fileEncoding = 4; lastKnownFileType = sourcecode.c.h; path = ASICloudFilesContainerXMLParserDelegate.h; sourceTree = "<group>"; };
		3A29A12F1B4410B50070BD06 /* ASICloudFilesContainerXMLParserDelegate.m */ = {isa = PBXFileReference; fileEncoding = 4; lastKnownFileType = sourcecode.c.objc; path = ASICloudFilesContainerXMLParserDelegate.m; sourceTree = "<group>"; };
		3A29A1301B4410B50070BD06 /* ASICloudFilesObject.h */ = {isa = PBXFileReference; fileEncoding = 4; lastKnownFileType = sourcecode.c.h; path = ASICloudFilesObject.h; sourceTree = "<group>"; };
		3A29A1311B4410B50070BD06 /* ASICloudFilesObject.m */ = {isa = PBXFileReference; fileEncoding = 4; lastKnownFileType = sourcecode.c.objc; path = ASICloudFilesObject.m; sourceTree = "<group>"; };
		3A29A1321B4410B50070BD06 /* ASICloudFilesObjectRequest.h */ = {isa = PBXFileReference; fileEncoding = 4; lastKnownFileType = sourcecode.c.h; path = ASICloudFilesObjectRequest.h; sourceTree = "<group>"; };
		3A29A1331B4410B50070BD06 /* ASICloudFilesObjectRequest.m */ = {isa = PBXFileReference; fileEncoding = 4; lastKnownFileType = sourcecode.c.objc; path = ASICloudFilesObjectRequest.m; sourceTree = "<group>"; };
		3A29A1341B4410B50070BD06 /* ASICloudFilesRequest.h */ = {isa = PBXFileReference; fileEncoding = 4; lastKnownFileType = sourcecode.c.h; path = ASICloudFilesRequest.h; sourceTree = "<group>"; };
		3A29A1351B4410B50070BD06 /* ASICloudFilesRequest.m */ = {isa = PBXFileReference; fileEncoding = 4; lastKnownFileType = sourcecode.c.objc; path = ASICloudFilesRequest.m; sourceTree = "<group>"; };
		3A29A1371B4410B50070BD06 /* ASINSXMLParserCompat.h */ = {isa = PBXFileReference; fileEncoding = 4; lastKnownFileType = sourcecode.c.h; path = ASINSXMLParserCompat.h; sourceTree = "<group>"; };
		3A29A1381B4410B50070BD06 /* ASIS3Bucket.h */ = {isa = PBXFileReference; fileEncoding = 4; lastKnownFileType = sourcecode.c.h; path = ASIS3Bucket.h; sourceTree = "<group>"; };
		3A29A1391B4410B50070BD06 /* ASIS3Bucket.m */ = {isa = PBXFileReference; fileEncoding = 4; lastKnownFileType = sourcecode.c.objc; path = ASIS3Bucket.m; sourceTree = "<group>"; };
		3A29A13A1B4410B50070BD06 /* ASIS3BucketObject.h */ = {isa = PBXFileReference; fileEncoding = 4; lastKnownFileType = sourcecode.c.h; path = ASIS3BucketObject.h; sourceTree = "<group>"; };
		3A29A13B1B4410B50070BD06 /* ASIS3BucketObject.m */ = {isa = PBXFileReference; fileEncoding = 4; lastKnownFileType = sourcecode.c.objc; path = ASIS3BucketObject.m; sourceTree = "<group>"; };
		3A29A13C1B4410B50070BD06 /* ASIS3BucketRequest.h */ = {isa = PBXFileReference; fileEncoding = 4; lastKnownFileType = sourcecode.c.h; path = ASIS3BucketRequest.h; sourceTree = "<group>"; };
		3A29A13D1B4410B50070BD06 /* ASIS3BucketRequest.m */ = {isa = PBXFileReference; fileEncoding = 4; lastKnownFileType = sourcecode.c.objc; path = ASIS3BucketRequest.m; sourceTree = "<group>"; };
		3A29A13E1B4410B50070BD06 /* ASIS3ObjectRequest.h */ = {isa = PBXFileReference; fileEncoding = 4; lastKnownFileType = sourcecode.c.h; path = ASIS3ObjectRequest.h; sourceTree = "<group>"; };
		3A29A13F1B4410B50070BD06 /* ASIS3ObjectRequest.m */ = {isa = PBXFileReference; fileEncoding = 4; lastKnownFileType = sourcecode.c.objc; path = ASIS3ObjectRequest.m; sourceTree = "<group>"; };
		3A29A1401B4410B50070BD06 /* ASIS3Request.h */ = {isa = PBXFileReference; fileEncoding = 4; lastKnownFileType = sourcecode.c.h; path = ASIS3Request.h; sourceTree = "<group>"; };
		3A29A1411B4410B50070BD06 /* ASIS3Request.m */ = {isa = PBXFileReference; fileEncoding = 4; lastKnownFileType = sourcecode.c.objc; path = ASIS3Request.m; sourceTree = "<group>"; };
		3A29A1421B4410B50070BD06 /* ASIS3ServiceRequest.h */ = {isa = PBXFileReference; fileEncoding = 4; lastKnownFileType = sourcecode.c.h; path = ASIS3ServiceRequest.h; sourceTree = "<group>"; };
		3A29A1431B4410B50070BD06 /* ASIS3ServiceRequest.m */ = {isa = PBXFileReference; fileEncoding = 4; lastKnownFileType = sourcecode.c.objc; path = ASIS3ServiceRequest.m; sourceTree = "<group>"; };
		3A29A1871B4411910070BD06 /* Reachability.h */ = {isa = PBXFileReference; fileEncoding = 4; lastKnownFileType = sourcecode.c.h; path = Reachability.h; sourceTree = "<group>"; };
		3A29A1881B4411910070BD06 /* Reachability.m */ = {isa = PBXFileReference; fileEncoding = 4; lastKnownFileType = sourcecode.c.objc; path = Reachability.m; sourceTree = "<group>"; };
		3A29A18A1B4411EF0070BD06 /* libz.dylib */ = {isa = PBXFileReference; lastKnownFileType = "compiled.mach-o.dylib"; name = libz.dylib; path = usr/lib/libz.dylib; sourceTree = SDKROOT; };
		44080AAB1B00F32F000C8C3F /* registericonnew.png */ = {isa = PBXFileReference; lastKnownFileType = image.png; path = registericonnew.png; sourceTree = "<group>"; };
		444240B91AF25174004987C0 /* background.png */ = {isa = PBXFileReference; lastKnownFileType = image.png; path = background.png; sourceTree = "<group>"; };
		444240BE1AF2539E004987C0 /* Registerbg.png */ = {isa = PBXFileReference; lastKnownFileType = image.png; path = Registerbg.png; sourceTree = "<group>"; };
		4466203A1AF2709B00372D5C /* register_btn300.png */ = {isa = PBXFileReference; lastKnownFileType = image.png; path = register_btn300.png; sourceTree = "<group>"; };
		4466203C1AF2733400372D5C /* registerbtn.png */ = {isa = PBXFileReference; lastKnownFileType = image.png; path = registerbtn.png; sourceTree = "<group>"; };
		4466203D1AF2733400372D5C /* registerbtn@2x.png */ = {isa = PBXFileReference; lastKnownFileType = image.png; path = "registerbtn@2x.png"; sourceTree = "<group>"; };
		4466203E1AF2733400372D5C /* registerbtn@3x.png */ = {isa = PBXFileReference; lastKnownFileType = image.png; path = "registerbtn@3x.png"; sourceTree = "<group>"; };
		448026931AF349B400309429 /* Registertextfield.png */ = {isa = PBXFileReference; lastKnownFileType = image.png; path = Registertextfield.png; sourceTree = "<group>"; };
		448026941AF349B400309429 /* Registertextfield@2x.png */ = {isa = PBXFileReference; lastKnownFileType = image.png; path = "Registertextfield@2x.png"; sourceTree = "<group>"; };
		448026951AF349B400309429 /* Registertextfield@3x.png */ = {isa = PBXFileReference; lastKnownFileType = image.png; path = "Registertextfield@3x.png"; sourceTree = "<group>"; };
		448E47791AF2677600DFBF62 /* registericon.png */ = {isa = PBXFileReference; lastKnownFileType = image.png; path = registericon.png; sourceTree = "<group>"; };
		450EE0781B13667200D08FCD /* edit-profilebtn.png */ = {isa = PBXFileReference; lastKnownFileType = image.png; path = "edit-profilebtn.png"; sourceTree = "<group>"; };
		450EE0791B13667200D08FCD /* edit-profilebtn@2x.png */ = {isa = PBXFileReference; lastKnownFileType = image.png; path = "edit-profilebtn@2x.png"; sourceTree = "<group>"; };
		450EE07A1B13667200D08FCD /* edit-profilebtn@3x.png */ = {isa = PBXFileReference; lastKnownFileType = image.png; path = "edit-profilebtn@3x.png"; sourceTree = "<group>"; };
		451E406D1AEF56E20028FA95 /* VideoListViewController.h */ = {isa = PBXFileReference; fileEncoding = 4; lastKnownFileType = sourcecode.c.h; path = VideoListViewController.h; sourceTree = "<group>"; };
		451E406E1AEF56E20028FA95 /* VideoListViewController.m */ = {isa = PBXFileReference; fileEncoding = 4; lastKnownFileType = sourcecode.c.objc; path = VideoListViewController.m; sourceTree = "<group>"; };
		451E40701AEF5A960028FA95 /* VideoListTableViewCell.h */ = {isa = PBXFileReference; fileEncoding = 4; lastKnownFileType = sourcecode.c.h; path = VideoListTableViewCell.h; sourceTree = "<group>"; };
		451E40711AEF5A960028FA95 /* VideoListTableViewCell.m */ = {isa = PBXFileReference; fileEncoding = 4; lastKnownFileType = sourcecode.c.objc; path = VideoListTableViewCell.m; sourceTree = "<group>"; };
		451E40741AEF60FB0028FA95 /* LICENSE */ = {isa = PBXFileReference; fileEncoding = 4; lastKnownFileType = text; path = LICENSE; sourceTree = "<group>"; };
		451E40761AEF60FB0028FA95 /* NSData+ImageContentType.h */ = {isa = PBXFileReference; fileEncoding = 4; lastKnownFileType = sourcecode.c.h; path = "NSData+ImageContentType.h"; sourceTree = "<group>"; };
		451E40771AEF60FB0028FA95 /* NSData+ImageContentType.m */ = {isa = PBXFileReference; fileEncoding = 4; lastKnownFileType = sourcecode.c.objc; path = "NSData+ImageContentType.m"; sourceTree = "<group>"; };
		451E40781AEF60FB0028FA95 /* SDImageCache.h */ = {isa = PBXFileReference; fileEncoding = 4; lastKnownFileType = sourcecode.c.h; path = SDImageCache.h; sourceTree = "<group>"; };
		451E40791AEF60FB0028FA95 /* SDImageCache.m */ = {isa = PBXFileReference; fileEncoding = 4; lastKnownFileType = sourcecode.c.objc; path = SDImageCache.m; sourceTree = "<group>"; };
		451E407A1AEF60FB0028FA95 /* SDWebImageCompat.h */ = {isa = PBXFileReference; fileEncoding = 4; lastKnownFileType = sourcecode.c.h; path = SDWebImageCompat.h; sourceTree = "<group>"; };
		451E407B1AEF60FB0028FA95 /* SDWebImageCompat.m */ = {isa = PBXFileReference; fileEncoding = 4; lastKnownFileType = sourcecode.c.objc; path = SDWebImageCompat.m; sourceTree = "<group>"; };
		451E407C1AEF60FB0028FA95 /* SDWebImageDecoder.h */ = {isa = PBXFileReference; fileEncoding = 4; lastKnownFileType = sourcecode.c.h; path = SDWebImageDecoder.h; sourceTree = "<group>"; };
		451E407D1AEF60FB0028FA95 /* SDWebImageDecoder.m */ = {isa = PBXFileReference; fileEncoding = 4; lastKnownFileType = sourcecode.c.objc; path = SDWebImageDecoder.m; sourceTree = "<group>"; };
		451E407E1AEF60FB0028FA95 /* SDWebImageDownloader.h */ = {isa = PBXFileReference; fileEncoding = 4; lastKnownFileType = sourcecode.c.h; path = SDWebImageDownloader.h; sourceTree = "<group>"; };
		451E407F1AEF60FB0028FA95 /* SDWebImageDownloader.m */ = {isa = PBXFileReference; fileEncoding = 4; lastKnownFileType = sourcecode.c.objc; path = SDWebImageDownloader.m; sourceTree = "<group>"; };
		451E40801AEF60FB0028FA95 /* SDWebImageDownloaderOperation.h */ = {isa = PBXFileReference; fileEncoding = 4; lastKnownFileType = sourcecode.c.h; path = SDWebImageDownloaderOperation.h; sourceTree = "<group>"; };
		451E40811AEF60FB0028FA95 /* SDWebImageDownloaderOperation.m */ = {isa = PBXFileReference; fileEncoding = 4; lastKnownFileType = sourcecode.c.objc; path = SDWebImageDownloaderOperation.m; sourceTree = "<group>"; };
		451E40821AEF60FB0028FA95 /* SDWebImageManager.h */ = {isa = PBXFileReference; fileEncoding = 4; lastKnownFileType = sourcecode.c.h; path = SDWebImageManager.h; sourceTree = "<group>"; };
		451E40831AEF60FB0028FA95 /* SDWebImageManager.m */ = {isa = PBXFileReference; fileEncoding = 4; lastKnownFileType = sourcecode.c.objc; path = SDWebImageManager.m; sourceTree = "<group>"; };
		451E40841AEF60FB0028FA95 /* SDWebImageOperation.h */ = {isa = PBXFileReference; fileEncoding = 4; lastKnownFileType = sourcecode.c.h; path = SDWebImageOperation.h; sourceTree = "<group>"; };
		451E40851AEF60FB0028FA95 /* SDWebImagePrefetcher.h */ = {isa = PBXFileReference; fileEncoding = 4; lastKnownFileType = sourcecode.c.h; path = SDWebImagePrefetcher.h; sourceTree = "<group>"; };
		451E40861AEF60FB0028FA95 /* SDWebImagePrefetcher.m */ = {isa = PBXFileReference; fileEncoding = 4; lastKnownFileType = sourcecode.c.objc; path = SDWebImagePrefetcher.m; sourceTree = "<group>"; };
		451E40871AEF60FB0028FA95 /* UIButton+WebCache.h */ = {isa = PBXFileReference; fileEncoding = 4; lastKnownFileType = sourcecode.c.h; path = "UIButton+WebCache.h"; sourceTree = "<group>"; };
		451E40881AEF60FB0028FA95 /* UIButton+WebCache.m */ = {isa = PBXFileReference; fileEncoding = 4; lastKnownFileType = sourcecode.c.objc; path = "UIButton+WebCache.m"; sourceTree = "<group>"; };
		451E40891AEF60FB0028FA95 /* UIImage+GIF.h */ = {isa = PBXFileReference; fileEncoding = 4; lastKnownFileType = sourcecode.c.h; path = "UIImage+GIF.h"; sourceTree = "<group>"; };
		451E408A1AEF60FB0028FA95 /* UIImage+GIF.m */ = {isa = PBXFileReference; fileEncoding = 4; lastKnownFileType = sourcecode.c.objc; path = "UIImage+GIF.m"; sourceTree = "<group>"; };
		451E408B1AEF60FB0028FA95 /* UIImage+MultiFormat.h */ = {isa = PBXFileReference; fileEncoding = 4; lastKnownFileType = sourcecode.c.h; path = "UIImage+MultiFormat.h"; sourceTree = "<group>"; };
		451E408C1AEF60FB0028FA95 /* UIImage+MultiFormat.m */ = {isa = PBXFileReference; fileEncoding = 4; lastKnownFileType = sourcecode.c.objc; path = "UIImage+MultiFormat.m"; sourceTree = "<group>"; };
		451E408D1AEF60FB0028FA95 /* UIImageView+HighlightedWebCache.h */ = {isa = PBXFileReference; fileEncoding = 4; lastKnownFileType = sourcecode.c.h; path = "UIImageView+HighlightedWebCache.h"; sourceTree = "<group>"; };
		451E408E1AEF60FB0028FA95 /* UIImageView+HighlightedWebCache.m */ = {isa = PBXFileReference; fileEncoding = 4; lastKnownFileType = sourcecode.c.objc; path = "UIImageView+HighlightedWebCache.m"; sourceTree = "<group>"; };
		451E408F1AEF60FB0028FA95 /* UIImageView+WebCache.h */ = {isa = PBXFileReference; fileEncoding = 4; lastKnownFileType = sourcecode.c.h; path = "UIImageView+WebCache.h"; sourceTree = "<group>"; };
		451E40901AEF60FB0028FA95 /* UIImageView+WebCache.m */ = {isa = PBXFileReference; fileEncoding = 4; lastKnownFileType = sourcecode.c.objc; path = "UIImageView+WebCache.m"; sourceTree = "<group>"; };
		451E40911AEF60FB0028FA95 /* UIView+WebCacheOperation.h */ = {isa = PBXFileReference; fileEncoding = 4; lastKnownFileType = sourcecode.c.h; path = "UIView+WebCacheOperation.h"; sourceTree = "<group>"; };
		451E40921AEF60FB0028FA95 /* UIView+WebCacheOperation.m */ = {isa = PBXFileReference; fileEncoding = 4; lastKnownFileType = sourcecode.c.objc; path = "UIView+WebCacheOperation.m"; sourceTree = "<group>"; };
		451E40A31AEF61F10028FA95 /* LICENSE.txt */ = {isa = PBXFileReference; fileEncoding = 4; lastKnownFileType = text; path = LICENSE.txt; sourceTree = "<group>"; };
		451E40A41AEF61F10028FA95 /* UIImageView+UIActivityIndicatorForSDWebImage.h */ = {isa = PBXFileReference; fileEncoding = 4; lastKnownFileType = sourcecode.c.h; path = "UIImageView+UIActivityIndicatorForSDWebImage.h"; sourceTree = "<group>"; };
		451E40A51AEF61F10028FA95 /* UIImageView+UIActivityIndicatorForSDWebImage.m */ = {isa = PBXFileReference; fileEncoding = 4; lastKnownFileType = sourcecode.c.objc; path = "UIImageView+UIActivityIndicatorForSDWebImage.m"; sourceTree = "<group>"; };
		451E40A81AEF62ED0028FA95 /* Creatbtn.png */ = {isa = PBXFileReference; lastKnownFileType = image.png; path = Creatbtn.png; sourceTree = "<group>"; };
		451E40A91AEF62ED0028FA95 /* Creatbtn@2x.png */ = {isa = PBXFileReference; lastKnownFileType = image.png; path = "Creatbtn@2x.png"; sourceTree = "<group>"; };
		451E40B01AEF8C2A0028FA95 /* VideoViewViewController.h */ = {isa = PBXFileReference; fileEncoding = 4; lastKnownFileType = sourcecode.c.h; path = VideoViewViewController.h; sourceTree = "<group>"; };
		451E40B11AEF8C2A0028FA95 /* VideoViewViewController.m */ = {isa = PBXFileReference; fileEncoding = 4; lastKnownFileType = sourcecode.c.objc; path = VideoViewViewController.m; sourceTree = "<group>"; };
		451E40B31AEFB0EB0028FA95 /* VideoSmallicon.png */ = {isa = PBXFileReference; lastKnownFileType = image.png; path = VideoSmallicon.png; sourceTree = "<group>"; };
		451E40B41AEFB0EB0028FA95 /* VideoSmallicon@2x.png */ = {isa = PBXFileReference; lastKnownFileType = image.png; path = "VideoSmallicon@2x.png"; sourceTree = "<group>"; };
		451E40B71AEFB8200028FA95 /* VideoBig.png */ = {isa = PBXFileReference; lastKnownFileType = image.png; path = VideoBig.png; sourceTree = "<group>"; };
		451E40B81AEFB8200028FA95 /* VideoBig@2x.png */ = {isa = PBXFileReference; lastKnownFileType = image.png; path = "VideoBig@2x.png"; sourceTree = "<group>"; };
		45246E891AF0ADC800A51A66 /* EditVideoViewController.h */ = {isa = PBXFileReference; fileEncoding = 4; lastKnownFileType = sourcecode.c.h; path = EditVideoViewController.h; sourceTree = "<group>"; };
		45246E8A1AF0ADC800A51A66 /* EditVideoViewController.m */ = {isa = PBXFileReference; fileEncoding = 4; lastKnownFileType = sourcecode.c.objc; path = EditVideoViewController.m; sourceTree = "<group>"; };
		45246E8C1AF0BA7300A51A66 /* uploadicon.jpeg */ = {isa = PBXFileReference; lastKnownFileType = image.jpeg; path = uploadicon.jpeg; sourceTree = "<group>"; };
		45246E8E1AF0BD7200A51A66 /* Buttonbackground.png */ = {isa = PBXFileReference; lastKnownFileType = image.png; path = Buttonbackground.png; sourceTree = "<group>"; };
		45246E8F1AF0BD7200A51A66 /* Buttonbackground@2x.png */ = {isa = PBXFileReference; lastKnownFileType = image.png; path = "Buttonbackground@2x.png"; sourceTree = "<group>"; };
		45269AE51B0B677B00F2ECDA /* MBProgressHUD.h */ = {isa = PBXFileReference; fileEncoding = 4; lastKnownFileType = sourcecode.c.h; path = MBProgressHUD.h; sourceTree = "<group>"; };
		45269AE61B0B677B00F2ECDA /* MBProgressHUD.m */ = {isa = PBXFileReference; fileEncoding = 4; lastKnownFileType = sourcecode.c.objc; path = MBProgressHUD.m; sourceTree = "<group>"; };
		4532BE311AEE3BD5005D8E92 /* Foundation.framework */ = {isa = PBXFileReference; lastKnownFileType = wrapper.framework; name = Foundation.framework; path = System/Library/Frameworks/Foundation.framework; sourceTree = SDKROOT; };
		4532BE331AEE3BDF005D8E92 /* QuartzCore.framework */ = {isa = PBXFileReference; lastKnownFileType = wrapper.framework; name = QuartzCore.framework; path = System/Library/Frameworks/QuartzCore.framework; sourceTree = SDKROOT; };
		4532BE351AEE3BE8005D8E92 /* MediaPlayer.framework */ = {isa = PBXFileReference; lastKnownFileType = wrapper.framework; name = MediaPlayer.framework; path = System/Library/Frameworks/MediaPlayer.framework; sourceTree = SDKROOT; };
		4532BE371AEE3BF4005D8E92 /* AssetsLibrary.framework */ = {isa = PBXFileReference; lastKnownFileType = wrapper.framework; name = AssetsLibrary.framework; path = System/Library/Frameworks/AssetsLibrary.framework; sourceTree = SDKROOT; };
		4532BE391AEE3BF9005D8E92 /* ImageIO.framework */ = {isa = PBXFileReference; lastKnownFileType = wrapper.framework; name = ImageIO.framework; path = System/Library/Frameworks/ImageIO.framework; sourceTree = SDKROOT; };
		4532BE571AEE6B9F005D8E92 /* libxml2.2.dylib */ = {isa = PBXFileReference; lastKnownFileType = "compiled.mach-o.dylib"; name = libxml2.2.dylib; path = usr/lib/libxml2.2.dylib; sourceTree = SDKROOT; };
		45337B0E1B1F0121008230D7 /* iconTitleview.png */ = {isa = PBXFileReference; lastKnownFileType = image.png; path = iconTitleview.png; sourceTree = "<group>"; };
		45337B101B1F012B008230D7 /* gradiount@2x.png */ = {isa = PBXFileReference; lastKnownFileType = image.png; path = "gradiount@2x.png"; sourceTree = "<group>"; };
		4545B6091AFCC91500839466 /* Overlay_image.png */ = {isa = PBXFileReference; lastKnownFileType = image.png; path = Overlay_image.png; sourceTree = "<group>"; };
		4545B60B1AFCCC1400839466 /* ExtraFeild@2x.png */ = {isa = PBXFileReference; lastKnownFileType = image.png; path = "ExtraFeild@2x.png"; sourceTree = "<group>"; };
		4549C1AA1B131C3900E5243F /* EditProfileViewController.h */ = {isa = PBXFileReference; fileEncoding = 4; lastKnownFileType = sourcecode.c.h; path = EditProfileViewController.h; sourceTree = "<group>"; };
		4549C1AB1B131C3900E5243F /* EditProfileViewController.m */ = {isa = PBXFileReference; fileEncoding = 4; lastKnownFileType = sourcecode.c.objc; path = EditProfileViewController.m; sourceTree = "<group>"; };
		45740C031AE8BE3E00F2C9AF /* JSON.h */ = {isa = PBXFileReference; fileEncoding = 4; lastKnownFileType = sourcecode.c.h; path = JSON.h; sourceTree = "<group>"; };
		45740C041AE8BE3E00F2C9AF /* NSObject+SBJSON.h */ = {isa = PBXFileReference; fileEncoding = 4; lastKnownFileType = sourcecode.c.h; path = "NSObject+SBJSON.h"; sourceTree = "<group>"; };
		45740C051AE8BE3E00F2C9AF /* NSObject+SBJSON.m */ = {isa = PBXFileReference; fileEncoding = 4; lastKnownFileType = sourcecode.c.objc; path = "NSObject+SBJSON.m"; sourceTree = "<group>"; };
		45740C061AE8BE3E00F2C9AF /* NSString+SBJSON.h */ = {isa = PBXFileReference; fileEncoding = 4; lastKnownFileType = sourcecode.c.h; path = "NSString+SBJSON.h"; sourceTree = "<group>"; };
		45740C071AE8BE3E00F2C9AF /* NSString+SBJSON.m */ = {isa = PBXFileReference; fileEncoding = 4; lastKnownFileType = sourcecode.c.objc; path = "NSString+SBJSON.m"; sourceTree = "<group>"; };
		45740C081AE8BE3E00F2C9AF /* SBJSON.h */ = {isa = PBXFileReference; fileEncoding = 4; lastKnownFileType = sourcecode.c.h; path = SBJSON.h; sourceTree = "<group>"; };
		45740C091AE8BE3E00F2C9AF /* SBJSON.m */ = {isa = PBXFileReference; fileEncoding = 4; lastKnownFileType = sourcecode.c.objc; path = SBJSON.m; sourceTree = "<group>"; };
		45740C0A1AE8BE3E00F2C9AF /* SBJsonBase.h */ = {isa = PBXFileReference; fileEncoding = 4; lastKnownFileType = sourcecode.c.h; path = SBJsonBase.h; sourceTree = "<group>"; };
		45740C0B1AE8BE3E00F2C9AF /* SBJsonBase.m */ = {isa = PBXFileReference; fileEncoding = 4; lastKnownFileType = sourcecode.c.objc; path = SBJsonBase.m; sourceTree = "<group>"; };
		45740C0C1AE8BE3E00F2C9AF /* SBJsonParser.h */ = {isa = PBXFileReference; fileEncoding = 4; lastKnownFileType = sourcecode.c.h; path = SBJsonParser.h; sourceTree = "<group>"; };
		45740C0D1AE8BE3E00F2C9AF /* SBJsonParser.m */ = {isa = PBXFileReference; fileEncoding = 4; lastKnownFileType = sourcecode.c.objc; path = SBJsonParser.m; sourceTree = "<group>"; };
		45740C0E1AE8BE3E00F2C9AF /* SBJsonWriter.h */ = {isa = PBXFileReference; fileEncoding = 4; lastKnownFileType = sourcecode.c.h; path = SBJsonWriter.h; sourceTree = "<group>"; };
		45740C0F1AE8BE3E00F2C9AF /* SBJsonWriter.m */ = {isa = PBXFileReference; fileEncoding = 4; lastKnownFileType = sourcecode.c.objc; path = SBJsonWriter.m; sourceTree = "<group>"; };
		45740C161AE8D69400F2C9AF /* CreateVideoViewController.h */ = {isa = PBXFileReference; fileEncoding = 4; lastKnownFileType = sourcecode.c.h; path = CreateVideoViewController.h; sourceTree = "<group>"; };
		45740C171AE8D69400F2C9AF /* CreateVideoViewController.m */ = {isa = PBXFileReference; fileEncoding = 4; lastKnownFileType = sourcecode.c.objc; path = CreateVideoViewController.m; sourceTree = "<group>"; };
		45740C191AE8D7B300F2C9AF /* ChangepwdViewController.h */ = {isa = PBXFileReference; fileEncoding = 4; lastKnownFileType = sourcecode.c.h; path = ChangepwdViewController.h; sourceTree = "<group>"; };
		45740C1A1AE8D7B300F2C9AF /* ChangepwdViewController.m */ = {isa = PBXFileReference; fileEncoding = 4; lastKnownFileType = sourcecode.c.objc; path = ChangepwdViewController.m; sourceTree = "<group>"; };
		45740C1D1AE8D7D900F2C9AF /* SettingProfile.png */ = {isa = PBXFileReference; lastKnownFileType = image.png; path = SettingProfile.png; sourceTree = "<group>"; };
		4594A0D41B4EBA8F0052F644 /* Social.framework */ = {isa = PBXFileReference; lastKnownFileType = wrapper.framework; name = Social.framework; path = System/Library/Frameworks/Social.framework; sourceTree = SDKROOT; };
		45B39F5E1AEA5BCE000F87B7 /* CoreVideo.framework */ = {isa = PBXFileReference; lastKnownFileType = wrapper.framework; name = CoreVideo.framework; path = System/Library/Frameworks/CoreVideo.framework; sourceTree = SDKROOT; };
		45B39F601AEA5BD5000F87B7 /* CoreMedia.framework */ = {isa = PBXFileReference; lastKnownFileType = wrapper.framework; name = CoreMedia.framework; path = System/Library/Frameworks/CoreMedia.framework; sourceTree = SDKROOT; };
		45B39FA31AEA607E000F87B7 /* AVFoundation.framework */ = {isa = PBXFileReference; lastKnownFileType = wrapper.framework; name = AVFoundation.framework; path = System/Library/Frameworks/AVFoundation.framework; sourceTree = SDKROOT; };
		45B39FA51AEA60C9000F87B7 /* UIKit.framework */ = {isa = PBXFileReference; lastKnownFileType = wrapper.framework; name = UIKit.framework; path = System/Library/Frameworks/UIKit.framework; sourceTree = SDKROOT; };
		45B39FA71AEA60D3000F87B7 /* CoreGraphics.framework */ = {isa = PBXFileReference; lastKnownFileType = wrapper.framework; name = CoreGraphics.framework; path = System/Library/Frameworks/CoreGraphics.framework; sourceTree = SDKROOT; };
		45B3A02A1AEA6AB1000F87B7 /* MobileCoreServices.framework */ = {isa = PBXFileReference; lastKnownFileType = wrapper.framework; name = MobileCoreServices.framework; path = System/Library/Frameworks/MobileCoreServices.framework; sourceTree = SDKROOT; };
		45B4F1F11B20885D009A6EF8 /* chekbox.png */ = {isa = PBXFileReference; lastKnownFileType = image.png; path = chekbox.png; sourceTree = "<group>"; };
		45B4F1F21B20885D009A6EF8 /* chekboxTickmark.png */ = {isa = PBXFileReference; lastKnownFileType = image.png; path = chekboxTickmark.png; sourceTree = "<group>"; };
		45B515CE1B0DD8FB00D87E25 /* banner.png */ = {isa = PBXFileReference; lastKnownFileType = image.png; path = banner.png; sourceTree = "<group>"; };
		45B515CF1B0DD8FB00D87E25 /* logo-left.png */ = {isa = PBXFileReference; lastKnownFileType = image.png; path = "logo-left.png"; sourceTree = "<group>"; };
		45B8C5BB1AE66FAD0051B838 /* SnapSyn.app */ = {isa = PBXFileReference; explicitFileType = wrapper.application; includeInIndex = 0; path = SnapSyn.app; sourceTree = BUILT_PRODUCTS_DIR; };
		45B8C5BF1AE66FAD0051B838 /* Info.plist */ = {isa = PBXFileReference; lastKnownFileType = text.plist.xml; path = Info.plist; sourceTree = "<group>"; };
		45B8C5C01AE66FAD0051B838 /* main.m */ = {isa = PBXFileReference; lastKnownFileType = sourcecode.c.objc; path = main.m; sourceTree = "<group>"; };
		45B8C5C21AE66FAD0051B838 /* AppDelegate.h */ = {isa = PBXFileReference; lastKnownFileType = sourcecode.c.h; path = AppDelegate.h; sourceTree = "<group>"; };
		45B8C5C31AE66FAD0051B838 /* AppDelegate.m */ = {isa = PBXFileReference; lastKnownFileType = sourcecode.c.objc; path = AppDelegate.m; sourceTree = "<group>"; };
		45B8C5C51AE66FAD0051B838 /* ViewController.h */ = {isa = PBXFileReference; lastKnownFileType = sourcecode.c.h; path = ViewController.h; sourceTree = "<group>"; };
		45B8C5C61AE66FAD0051B838 /* ViewController.m */ = {isa = PBXFileReference; lastKnownFileType = sourcecode.c.objc; path = ViewController.m; sourceTree = "<group>"; };
		45B8C5C91AE66FAD0051B838 /* Base */ = {isa = PBXFileReference; lastKnownFileType = file.storyboard; name = Base; path = Base.lproj/Main.storyboard; sourceTree = "<group>"; };
		45B8C5CB1AE66FAD0051B838 /* Images.xcassets */ = {isa = PBXFileReference; lastKnownFileType = folder.assetcatalog; path = Images.xcassets; sourceTree = "<group>"; };
		45B8C5CE1AE66FAD0051B838 /* Base */ = {isa = PBXFileReference; lastKnownFileType = file.xib; name = Base; path = Base.lproj/LaunchScreen.xib; sourceTree = "<group>"; };
		45B8C5D91AE66FAD0051B838 /* Info.plist */ = {isa = PBXFileReference; lastKnownFileType = text.plist.xml; path = Info.plist; sourceTree = "<group>"; };
		45B8C5DA1AE66FAD0051B838 /* OverlayAppTests.m */ = {isa = PBXFileReference; lastKnownFileType = sourcecode.c.objc; path = OverlayAppTests.m; sourceTree = "<group>"; };
		45B8C5E41AE6733E0051B838 /* RegisterViewController.h */ = {isa = PBXFileReference; fileEncoding = 4; lastKnownFileType = sourcecode.c.h; path = RegisterViewController.h; sourceTree = "<group>"; };
		45B8C5E51AE6733E0051B838 /* RegisterViewController.m */ = {isa = PBXFileReference; fileEncoding = 4; lastKnownFileType = sourcecode.c.objc; path = RegisterViewController.m; sourceTree = "<group>"; };
		DF57CC6B1BF22CCF00665F71 /* SocialVideoHelper.h */ = {isa = PBXFileReference; fileEncoding = 4; lastKnownFileType = sourcecode.c.h; path = SocialVideoHelper.h; sourceTree = "<group>"; };
		DF57CC6C1BF22CCF00665F71 /* SocialVideoHelper.m */ = {isa = PBXFileReference; fileEncoding = 4; lastKnownFileType = sourcecode.c.objc; path = SocialVideoHelper.m; sourceTree = "<group>"; };
		FC328FE31AFA1A21005DF4B6 /* infobackground.png */ = {isa = PBXFileReference; lastKnownFileType = image.png; path = infobackground.png; sourceTree = "<group>"; };
		FC328FE51AFA1FED005DF4B6 /* setting-icon.png */ = {isa = PBXFileReference; lastKnownFileType = image.png; path = "setting-icon.png"; sourceTree = "<group>"; };
		FC328FE71AFA263D005DF4B6 /* upload.png */ = {isa = PBXFileReference; lastKnownFileType = image.png; path = upload.png; sourceTree = "<group>"; };
		FC328FED1AFA34BA005DF4B6 /* Edit@2x.png */ = {isa = PBXFileReference; lastKnownFileType = image.png; path = "Edit@2x.png"; sourceTree = "<group>"; };
		FC328FEF1AFA35C7005DF4B6 /* video-play.png */ = {isa = PBXFileReference; lastKnownFileType = image.png; path = "video-play.png"; sourceTree = "<group>"; };
		FC328FF11AFA3B5E005DF4B6 /* video-icon.png */ = {isa = PBXFileReference; lastKnownFileType = image.png; path = "video-icon.png"; sourceTree = "<group>"; };
		FCF524FB1AF3A3DE00CDEEE5 /* login@3x.png */ = {isa = PBXFileReference; lastKnownFileType = image.png; path = "login@3x.png"; sourceTree = "<group>"; };
		FCF524FD1AF3A41600CDEEE5 /* login@2x.png */ = {isa = PBXFileReference; lastKnownFileType = image.png; path = "login@2x.png"; sourceTree = "<group>"; };
		FCF524FF1AF3A42600CDEEE5 /* login300.png */ = {isa = PBXFileReference; lastKnownFileType = image.png; path = login300.png; sourceTree = "<group>"; };
		FCF525011AF3A6A700CDEEE5 /* Login.png */ = {isa = PBXFileReference; lastKnownFileType = image.png; path = Login.png; sourceTree = "<group>"; };
		FCF525031AF3AE1600CDEEE5 /* loginbtn900.png */ = {isa = PBXFileReference; lastKnownFileType = image.png; path = loginbtn900.png; sourceTree = "<group>"; };
		FCF525051AF3B1F200CDEEE5 /* forgotbtn900.png */ = {isa = PBXFileReference; lastKnownFileType = image.png; path = forgotbtn900.png; sourceTree = "<group>"; };
/* End PBXFileReference section */

/* Begin PBXFrameworksBuildPhase section */
		45B8C5B81AE66FAD0051B838 /* Frameworks */ = {
			isa = PBXFrameworksBuildPhase;
			buildActionMask = 2147483647;
			files = (
				4594A0D51B4EBA8F0052F644 /* Social.framework in Frameworks */,
				3A29A18B1B4411EF0070BD06 /* libz.dylib in Frameworks */,
				4532BE581AEE6B9F005D8E92 /* libxml2.2.dylib in Frameworks */,
				4532BE3A1AEE3BF9005D8E92 /* ImageIO.framework in Frameworks */,
				4532BE381AEE3BF4005D8E92 /* AssetsLibrary.framework in Frameworks */,
				4532BE361AEE3BE8005D8E92 /* MediaPlayer.framework in Frameworks */,
				4532BE341AEE3BDF005D8E92 /* QuartzCore.framework in Frameworks */,
				4532BE321AEE3BD5005D8E92 /* Foundation.framework in Frameworks */,
				45B3A02B1AEA6AB1000F87B7 /* MobileCoreServices.framework in Frameworks */,
				45B39FA81AEA60D3000F87B7 /* CoreGraphics.framework in Frameworks */,
				45B39FA61AEA60C9000F87B7 /* UIKit.framework in Frameworks */,
				45B39FA41AEA607E000F87B7 /* AVFoundation.framework in Frameworks */,
				45B39F611AEA5BD5000F87B7 /* CoreMedia.framework in Frameworks */,
				45B39F5F1AEA5BCE000F87B7 /* CoreVideo.framework in Frameworks */,
			);
			runOnlyForDeploymentPostprocessing = 0;
		};
/* End PBXFrameworksBuildPhase section */

/* Begin PBXGroup section */
		3A29A10F1B4410B50070BD06 /* Classes */ = {
			isa = PBXGroup;
			children = (
				3A29A1101B4410B50070BD06 /* ASIAuthenticationDialog.h */,
				3A29A1111B4410B50070BD06 /* ASIAuthenticationDialog.m */,
				3A29A1121B4410B50070BD06 /* ASICacheDelegate.h */,
				3A29A1131B4410B50070BD06 /* ASIDataCompressor.h */,
				3A29A1141B4410B50070BD06 /* ASIDataCompressor.m */,
				3A29A1151B4410B50070BD06 /* ASIDataDecompressor.h */,
				3A29A1161B4410B50070BD06 /* ASIDataDecompressor.m */,
				3A29A1171B4410B50070BD06 /* ASIDownloadCache.h */,
				3A29A1181B4410B50070BD06 /* ASIDownloadCache.m */,
				3A29A1191B4410B50070BD06 /* ASIFormDataRequest.h */,
				3A29A11A1B4410B50070BD06 /* ASIFormDataRequest.m */,
				3A29A11B1B4410B50070BD06 /* ASIHTTPRequest.h */,
				3A29A11C1B4410B50070BD06 /* ASIHTTPRequest.m */,
				3A29A11D1B4410B50070BD06 /* ASIHTTPRequestConfig.h */,
				3A29A11E1B4410B50070BD06 /* ASIHTTPRequestDelegate.h */,
				3A29A11F1B4410B50070BD06 /* ASIInputStream.h */,
				3A29A1201B4410B50070BD06 /* ASIInputStream.m */,
				3A29A1211B4410B50070BD06 /* ASINetworkQueue.h */,
				3A29A1221B4410B50070BD06 /* ASINetworkQueue.m */,
				3A29A1231B4410B50070BD06 /* ASIProgressDelegate.h */,
				3A29A1241B4410B50070BD06 /* ASIWebPageRequest */,
				3A29A1271B4410B50070BD06 /* CloudFiles */,
				3A29A1361B4410B50070BD06 /* S3 */,
			);
			path = Classes;
			sourceTree = "<group>";
		};
		3A29A1241B4410B50070BD06 /* ASIWebPageRequest */ = {
			isa = PBXGroup;
			children = (
				3A29A1251B4410B50070BD06 /* ASIWebPageRequest.h */,
				3A29A1261B4410B50070BD06 /* ASIWebPageRequest.m */,
			);
			path = ASIWebPageRequest;
			sourceTree = "<group>";
		};
		3A29A1271B4410B50070BD06 /* CloudFiles */ = {
			isa = PBXGroup;
			children = (
				3A29A1281B4410B50070BD06 /* ASICloudFilesCDNRequest.h */,
				3A29A1291B4410B50070BD06 /* ASICloudFilesCDNRequest.m */,
				3A29A12A1B4410B50070BD06 /* ASICloudFilesContainer.h */,
				3A29A12B1B4410B50070BD06 /* ASICloudFilesContainer.m */,
				3A29A12C1B4410B50070BD06 /* ASICloudFilesContainerRequest.h */,
				3A29A12D1B4410B50070BD06 /* ASICloudFilesContainerRequest.m */,
				3A29A12E1B4410B50070BD06 /* ASICloudFilesContainerXMLParserDelegate.h */,
				3A29A12F1B4410B50070BD06 /* ASICloudFilesContainerXMLParserDelegate.m */,
				3A29A1301B4410B50070BD06 /* ASICloudFilesObject.h */,
				3A29A1311B4410B50070BD06 /* ASICloudFilesObject.m */,
				3A29A1321B4410B50070BD06 /* ASICloudFilesObjectRequest.h */,
				3A29A1331B4410B50070BD06 /* ASICloudFilesObjectRequest.m */,
				3A29A1341B4410B50070BD06 /* ASICloudFilesRequest.h */,
				3A29A1351B4410B50070BD06 /* ASICloudFilesRequest.m */,
			);
			path = CloudFiles;
			sourceTree = "<group>";
		};
		3A29A1361B4410B50070BD06 /* S3 */ = {
			isa = PBXGroup;
			children = (
				3A29A1371B4410B50070BD06 /* ASINSXMLParserCompat.h */,
				3A29A1381B4410B50070BD06 /* ASIS3Bucket.h */,
				3A29A1391B4410B50070BD06 /* ASIS3Bucket.m */,
				3A29A13A1B4410B50070BD06 /* ASIS3BucketObject.h */,
				3A29A13B1B4410B50070BD06 /* ASIS3BucketObject.m */,
				3A29A13C1B4410B50070BD06 /* ASIS3BucketRequest.h */,
				3A29A13D1B4410B50070BD06 /* ASIS3BucketRequest.m */,
				3A29A13E1B4410B50070BD06 /* ASIS3ObjectRequest.h */,
				3A29A13F1B4410B50070BD06 /* ASIS3ObjectRequest.m */,
				3A29A1401B4410B50070BD06 /* ASIS3Request.h */,
				3A29A1411B4410B50070BD06 /* ASIS3Request.m */,
				3A29A1421B4410B50070BD06 /* ASIS3ServiceRequest.h */,
				3A29A1431B4410B50070BD06 /* ASIS3ServiceRequest.m */,
			);
			path = S3;
			sourceTree = "<group>";
		};
		444240B81AF25132004987C0 /* Images */ = {
			isa = PBXGroup;
			children = (
				45B4F1F11B20885D009A6EF8 /* chekbox.png */,
				45B4F1F21B20885D009A6EF8 /* chekboxTickmark.png */,
				FC328FE31AFA1A21005DF4B6 /* infobackground.png */,
				444240B91AF25174004987C0 /* background.png */,
				448026991AF34F4C00309429 /* Login */,
				444240BB1AF25186004987C0 /* Register */,
			);
			path = Images;
			sourceTree = "<group>";
		};
		444240BB1AF25186004987C0 /* Register */ = {
			isa = PBXGroup;
			children = (
				450EE0781B13667200D08FCD /* edit-profilebtn.png */,
				450EE0791B13667200D08FCD /* edit-profilebtn@2x.png */,
				450EE07A1B13667200D08FCD /* edit-profilebtn@3x.png */,
				44080AAB1B00F32F000C8C3F /* registericonnew.png */,
				448E47791AF2677600DFBF62 /* registericon.png */,
				444240BE1AF2539E004987C0 /* Registerbg.png */,
				4466203A1AF2709B00372D5C /* register_btn300.png */,
				448026931AF349B400309429 /* Registertextfield.png */,
				448026941AF349B400309429 /* Registertextfield@2x.png */,
				448026951AF349B400309429 /* Registertextfield@3x.png */,
				4466203C1AF2733400372D5C /* registerbtn.png */,
				4466203D1AF2733400372D5C /* registerbtn@2x.png */,
				4466203E1AF2733400372D5C /* registerbtn@3x.png */,
			);
			path = Register;
			sourceTree = "<group>";
		};
		448026991AF34F4C00309429 /* Login */ = {
			isa = PBXGroup;
			children = (
			);
			path = Login;
			sourceTree = "<group>";
		};
		451E40731AEF60FB0028FA95 /* SDWebImage */ = {
			isa = PBXGroup;
			children = (
				451E40741AEF60FB0028FA95 /* LICENSE */,
				451E40751AEF60FB0028FA95 /* SDWebImage */,
			);
			path = SDWebImage;
			sourceTree = "<group>";
		};
		451E40751AEF60FB0028FA95 /* SDWebImage */ = {
			isa = PBXGroup;
			children = (
				451E40761AEF60FB0028FA95 /* NSData+ImageContentType.h */,
				451E40771AEF60FB0028FA95 /* NSData+ImageContentType.m */,
				451E40781AEF60FB0028FA95 /* SDImageCache.h */,
				451E40791AEF60FB0028FA95 /* SDImageCache.m */,
				451E407A1AEF60FB0028FA95 /* SDWebImageCompat.h */,
				451E407B1AEF60FB0028FA95 /* SDWebImageCompat.m */,
				451E407C1AEF60FB0028FA95 /* SDWebImageDecoder.h */,
				451E407D1AEF60FB0028FA95 /* SDWebImageDecoder.m */,
				451E407E1AEF60FB0028FA95 /* SDWebImageDownloader.h */,
				451E407F1AEF60FB0028FA95 /* SDWebImageDownloader.m */,
				451E40801AEF60FB0028FA95 /* SDWebImageDownloaderOperation.h */,
				451E40811AEF60FB0028FA95 /* SDWebImageDownloaderOperation.m */,
				451E40821AEF60FB0028FA95 /* SDWebImageManager.h */,
				451E40831AEF60FB0028FA95 /* SDWebImageManager.m */,
				451E40841AEF60FB0028FA95 /* SDWebImageOperation.h */,
				451E40851AEF60FB0028FA95 /* SDWebImagePrefetcher.h */,
				451E40861AEF60FB0028FA95 /* SDWebImagePrefetcher.m */,
				451E40871AEF60FB0028FA95 /* UIButton+WebCache.h */,
				451E40881AEF60FB0028FA95 /* UIButton+WebCache.m */,
				451E40891AEF60FB0028FA95 /* UIImage+GIF.h */,
				451E408A1AEF60FB0028FA95 /* UIImage+GIF.m */,
				451E408B1AEF60FB0028FA95 /* UIImage+MultiFormat.h */,
				451E408C1AEF60FB0028FA95 /* UIImage+MultiFormat.m */,
				451E408D1AEF60FB0028FA95 /* UIImageView+HighlightedWebCache.h */,
				451E408E1AEF60FB0028FA95 /* UIImageView+HighlightedWebCache.m */,
				451E408F1AEF60FB0028FA95 /* UIImageView+WebCache.h */,
				451E40901AEF60FB0028FA95 /* UIImageView+WebCache.m */,
				451E40911AEF60FB0028FA95 /* UIView+WebCacheOperation.h */,
				451E40921AEF60FB0028FA95 /* UIView+WebCacheOperation.m */,
			);
			path = SDWebImage;
			sourceTree = "<group>";
		};
		451E40A21AEF61F10028FA95 /* UIActivityIndicator-for-SDWebImage */ = {
			isa = PBXGroup;
			children = (
				451E40A31AEF61F10028FA95 /* LICENSE.txt */,
				451E40A41AEF61F10028FA95 /* UIImageView+UIActivityIndicatorForSDWebImage.h */,
				451E40A51AEF61F10028FA95 /* UIImageView+UIActivityIndicatorForSDWebImage.m */,
			);
			path = "UIActivityIndicator-for-SDWebImage";
			sourceTree = "<group>";
		};
		45269AE41B0B677B00F2ECDA /* MBProgressHUD */ = {
			isa = PBXGroup;
			children = (
				45269AE51B0B677B00F2ECDA /* MBProgressHUD.h */,
				45269AE61B0B677B00F2ECDA /* MBProgressHUD.m */,
			);
			path = MBProgressHUD;
			sourceTree = "<group>";
		};
		45740C021AE8BE3E00F2C9AF /* JSON */ = {
			isa = PBXGroup;
			children = (
				DF57CC6B1BF22CCF00665F71 /* SocialVideoHelper.h */,
				DF57CC6C1BF22CCF00665F71 /* SocialVideoHelper.m */,
				45740C031AE8BE3E00F2C9AF /* JSON.h */,
				45740C041AE8BE3E00F2C9AF /* NSObject+SBJSON.h */,
				45740C051AE8BE3E00F2C9AF /* NSObject+SBJSON.m */,
				45740C061AE8BE3E00F2C9AF /* NSString+SBJSON.h */,
				45740C071AE8BE3E00F2C9AF /* NSString+SBJSON.m */,
				45740C081AE8BE3E00F2C9AF /* SBJSON.h */,
				45740C091AE8BE3E00F2C9AF /* SBJSON.m */,
				45740C0A1AE8BE3E00F2C9AF /* SBJsonBase.h */,
				45740C0B1AE8BE3E00F2C9AF /* SBJsonBase.m */,
				45740C0C1AE8BE3E00F2C9AF /* SBJsonParser.h */,
				45740C0D1AE8BE3E00F2C9AF /* SBJsonParser.m */,
				45740C0E1AE8BE3E00F2C9AF /* SBJsonWriter.h */,
				45740C0F1AE8BE3E00F2C9AF /* SBJsonWriter.m */,
			);
			path = JSON;
			sourceTree = "<group>";
		};
		45740C1C1AE8D7D900F2C9AF /* Image */ = {
			isa = PBXGroup;
			children = (
				45337B101B1F012B008230D7 /* gradiount@2x.png */,
				45B515CE1B0DD8FB00D87E25 /* banner.png */,
				45B515CF1B0DD8FB00D87E25 /* logo-left.png */,
				45337B0E1B1F0121008230D7 /* iconTitleview.png */,
				4545B6091AFCC91500839466 /* Overlay_image.png */,
				4545B60B1AFCCC1400839466 /* ExtraFeild@2x.png */,
				FC328FE71AFA263D005DF4B6 /* upload.png */,
				FC328FEF1AFA35C7005DF4B6 /* video-play.png */,
				FC328FE51AFA1FED005DF4B6 /* setting-icon.png */,
				FC328FF11AFA3B5E005DF4B6 /* video-icon.png */,
				FCF525031AF3AE1600CDEEE5 /* loginbtn900.png */,
				FC328FED1AFA34BA005DF4B6 /* Edit@2x.png */,
				FCF525051AF3B1F200CDEEE5 /* forgotbtn900.png */,
				FCF524FF1AF3A42600CDEEE5 /* login300.png */,
				FCF525011AF3A6A700CDEEE5 /* Login.png */,
				FCF524FD1AF3A41600CDEEE5 /* login@2x.png */,
				FCF524FB1AF3A3DE00CDEEE5 /* login@3x.png */,
				45246E8E1AF0BD7200A51A66 /* Buttonbackground.png */,
				45246E8F1AF0BD7200A51A66 /* Buttonbackground@2x.png */,
				451E40B31AEFB0EB0028FA95 /* VideoSmallicon.png */,
				451E40B41AEFB0EB0028FA95 /* VideoSmallicon@2x.png */,
				451E40A81AEF62ED0028FA95 /* Creatbtn.png */,
				451E40A91AEF62ED0028FA95 /* Creatbtn@2x.png */,
				45740C1D1AE8D7D900F2C9AF /* SettingProfile.png */,
				451E40B71AEFB8200028FA95 /* VideoBig.png */,
				451E40B81AEFB8200028FA95 /* VideoBig@2x.png */,
				45246E8C1AF0BA7300A51A66 /* uploadicon.jpeg */,
			);
			path = Image;
			sourceTree = "<group>";
		};
		45B8C5B21AE66FAD0051B838 = {
			isa = PBXGroup;
			children = (
				4594A0D41B4EBA8F0052F644 /* Social.framework */,
				3A29A18A1B4411EF0070BD06 /* libz.dylib */,
				4532BE571AEE6B9F005D8E92 /* libxml2.2.dylib */,
				3A29A1871B4411910070BD06 /* Reachability.h */,
				3A29A1881B4411910070BD06 /* Reachability.m */,
				4532BE391AEE3BF9005D8E92 /* ImageIO.framework */,
				4532BE371AEE3BF4005D8E92 /* AssetsLibrary.framework */,
				4532BE351AEE3BE8005D8E92 /* MediaPlayer.framework */,
				4532BE331AEE3BDF005D8E92 /* QuartzCore.framework */,
				4532BE311AEE3BD5005D8E92 /* Foundation.framework */,
				45B3A02A1AEA6AB1000F87B7 /* MobileCoreServices.framework */,
				45B39FA71AEA60D3000F87B7 /* CoreGraphics.framework */,
				45B39FA51AEA60C9000F87B7 /* UIKit.framework */,
				45B39FA31AEA607E000F87B7 /* AVFoundation.framework */,
				45B39F601AEA5BD5000F87B7 /* CoreMedia.framework */,
				45B39F5E1AEA5BCE000F87B7 /* CoreVideo.framework */,
				45B8C5BD1AE66FAD0051B838 /* OverlayApp */,
				45B8C5D71AE66FAD0051B838 /* OverlayAppTests */,
				45B8C5BC1AE66FAD0051B838 /* Products */,
			);
			sourceTree = "<group>";
		};
		45B8C5BC1AE66FAD0051B838 /* Products */ = {
			isa = PBXGroup;
			children = (
				45B8C5BB1AE66FAD0051B838 /* SnapSyn.app */,
			);
			name = Products;
			sourceTree = "<group>";
		};
		45B8C5BD1AE66FAD0051B838 /* OverlayApp */ = {
			isa = PBXGroup;
			children = (
				3A29A10F1B4410B50070BD06 /* Classes */,
				45269AE41B0B677B00F2ECDA /* MBProgressHUD */,
				444240B81AF25132004987C0 /* Images */,
				451E40A21AEF61F10028FA95 /* UIActivityIndicator-for-SDWebImage */,
				451E40731AEF60FB0028FA95 /* SDWebImage */,
				45740C1C1AE8D7D900F2C9AF /* Image */,
				45740C021AE8BE3E00F2C9AF /* JSON */,
				45B8C5C21AE66FAD0051B838 /* AppDelegate.h */,
				45B8C5C31AE66FAD0051B838 /* AppDelegate.m */,
				45B8C5C51AE66FAD0051B838 /* ViewController.h */,
				45B8C5C61AE66FAD0051B838 /* ViewController.m */,
				45B8C5E41AE6733E0051B838 /* RegisterViewController.h */,
				45B8C5E51AE6733E0051B838 /* RegisterViewController.m */,
				45740C161AE8D69400F2C9AF /* CreateVideoViewController.h */,
				45740C171AE8D69400F2C9AF /* CreateVideoViewController.m */,
				45246E891AF0ADC800A51A66 /* EditVideoViewController.h */,
				45246E8A1AF0ADC800A51A66 /* EditVideoViewController.m */,
				451E406D1AEF56E20028FA95 /* VideoListViewController.h */,
				451E406E1AEF56E20028FA95 /* VideoListViewController.m */,
				451E40B01AEF8C2A0028FA95 /* VideoViewViewController.h */,
				451E40B11AEF8C2A0028FA95 /* VideoViewViewController.m */,
				451E40701AEF5A960028FA95 /* VideoListTableViewCell.h */,
				451E40711AEF5A960028FA95 /* VideoListTableViewCell.m */,
				45740C191AE8D7B300F2C9AF /* ChangepwdViewController.h */,
				45740C1A1AE8D7B300F2C9AF /* ChangepwdViewController.m */,
				4549C1AA1B131C3900E5243F /* EditProfileViewController.h */,
				4549C1AB1B131C3900E5243F /* EditProfileViewController.m */,
				45B8C5C81AE66FAD0051B838 /* Main.storyboard */,
				45B8C5CB1AE66FAD0051B838 /* Images.xcassets */,
				45B8C5CD1AE66FAD0051B838 /* LaunchScreen.xib */,
				45B8C5BE1AE66FAD0051B838 /* Supporting Files */,
			);
			path = OverlayApp;
			sourceTree = "<group>";
		};
		45B8C5BE1AE66FAD0051B838 /* Supporting Files */ = {
			isa = PBXGroup;
			children = (
				45B8C5BF1AE66FAD0051B838 /* Info.plist */,
				45B8C5C01AE66FAD0051B838 /* main.m */,
			);
			name = "Supporting Files";
			sourceTree = "<group>";
		};
		45B8C5D71AE66FAD0051B838 /* OverlayAppTests */ = {
			isa = PBXGroup;
			children = (
				45B8C5DA1AE66FAD0051B838 /* OverlayAppTests.m */,
				45B8C5D81AE66FAD0051B838 /* Supporting Files */,
			);
			path = OverlayAppTests;
			sourceTree = "<group>";
		};
		45B8C5D81AE66FAD0051B838 /* Supporting Files */ = {
			isa = PBXGroup;
			children = (
				45B8C5D91AE66FAD0051B838 /* Info.plist */,
			);
			name = "Supporting Files";
			sourceTree = "<group>";
		};
/* End PBXGroup section */

/* Begin PBXNativeTarget section */
		45B8C5BA1AE66FAD0051B838 /* SnapSyn */ = {
			isa = PBXNativeTarget;
			buildConfigurationList = 45B8C5DE1AE66FAD0051B838 /* Build configuration list for PBXNativeTarget "SnapSyn" */;
			buildPhases = (
				45B8C5B71AE66FAD0051B838 /* Sources */,
				45B8C5B81AE66FAD0051B838 /* Frameworks */,
				45B8C5B91AE66FAD0051B838 /* Resources */,
			);
			buildRules = (
			);
			dependencies = (
			);
			name = SnapSyn;
			productName = OverlayApp;
			productReference = 45B8C5BB1AE66FAD0051B838 /* SnapSyn.app */;
			productType = "com.apple.product-type.application";
		};
/* End PBXNativeTarget section */

/* Begin PBXProject section */
		45B8C5B31AE66FAD0051B838 /* Project object */ = {
			isa = PBXProject;
			attributes = {
				LastUpgradeCheck = 0610;
				ORGANIZATIONNAME = "The One Tech 29";
				TargetAttributes = {
					45B8C5BA1AE66FAD0051B838 = {
						CreatedOnToolsVersion = 6.1;
						DevelopmentTeam = 8HS9F7SW2H;
					};
				};
			};
			buildConfigurationList = 45B8C5B61AE66FAD0051B838 /* Build configuration list for PBXProject "SnapSyn" */;
			compatibilityVersion = "Xcode 3.2";
			developmentRegion = English;
			hasScannedForEncodings = 0;
			knownRegions = (
				en,
				Base,
			);
			mainGroup = 45B8C5B21AE66FAD0051B838;
			productRefGroup = 45B8C5BC1AE66FAD0051B838 /* Products */;
			projectDirPath = "";
			projectRoot = "";
			targets = (
				45B8C5BA1AE66FAD0051B838 /* SnapSyn */,
			);
		};
/* End PBXProject section */

/* Begin PBXResourcesBuildPhase section */
		45B8C5B91AE66FAD0051B838 /* Resources */ = {
			isa = PBXResourcesBuildPhase;
			buildActionMask = 2147483647;
			files = (
				451E40AA1AEF62ED0028FA95 /* Creatbtn.png in Resources */,
				FCF525061AF3B1F200CDEEE5 /* forgotbtn900.png in Resources */,
				45B4F1F31B20885D009A6EF8 /* chekbox.png in Resources */,
				444240BA1AF25174004987C0 /* background.png in Resources */,
				451E40A61AEF61F10028FA95 /* LICENSE.txt in Resources */,
				FC328FE81AFA263D005DF4B6 /* upload.png in Resources */,
				45740C1E1AE8D7D900F2C9AF /* SettingProfile.png in Resources */,
				FCF525041AF3AE1600CDEEE5 /* loginbtn900.png in Resources */,
				4466203B1AF2709B00372D5C /* register_btn300.png in Resources */,
				45B4F1F41B20885D009A6EF8 /* chekboxTickmark.png in Resources */,
				FC328FEE1AFA34BA005DF4B6 /* Edit@2x.png in Resources */,
				45B515D11B0DD8FB00D87E25 /* logo-left.png in Resources */,
				450EE07D1B13667200D08FCD /* edit-profilebtn@3x.png in Resources */,
				45337B111B1F012B008230D7 /* gradiount@2x.png in Resources */,
				FC328FF01AFA35C7005DF4B6 /* video-play.png in Resources */,
				451E40B61AEFB0EB0028FA95 /* VideoSmallicon@2x.png in Resources */,
				451E40B91AEFB8200028FA95 /* VideoBig.png in Resources */,
				448026981AF349B400309429 /* Registertextfield@3x.png in Resources */,
				45B515D01B0DD8FB00D87E25 /* banner.png in Resources */,
				FC328FE61AFA1FED005DF4B6 /* setting-icon.png in Resources */,
				FCF524FE1AF3A41600CDEEE5 /* login@2x.png in Resources */,
				45246E901AF0BD7200A51A66 /* Buttonbackground.png in Resources */,
				45246E911AF0BD7200A51A66 /* Buttonbackground@2x.png in Resources */,
				45337B0F1B1F0121008230D7 /* iconTitleview.png in Resources */,
				451E40BA1AEFB8200028FA95 /* VideoBig@2x.png in Resources */,
				FCF525021AF3A6A700CDEEE5 /* Login.png in Resources */,
				45B8C5CA1AE66FAD0051B838 /* Main.storyboard in Resources */,
				FC328FF21AFA3B5E005DF4B6 /* video-icon.png in Resources */,
				448026971AF349B400309429 /* Registertextfield@2x.png in Resources */,
				FC328FE41AFA1A21005DF4B6 /* infobackground.png in Resources */,
				45B8C5CF1AE66FAD0051B838 /* LaunchScreen.xib in Resources */,
				FCF525001AF3A42600CDEEE5 /* login300.png in Resources */,
				448026961AF349B400309429 /* Registertextfield.png in Resources */,
				450EE07B1B13667200D08FCD /* edit-profilebtn.png in Resources */,
				4545B60A1AFCC91500839466 /* Overlay_image.png in Resources */,
				4466203F1AF2733400372D5C /* registerbtn.png in Resources */,
				450EE07C1B13667200D08FCD /* edit-profilebtn@2x.png in Resources */,
				448E477A1AF2677600DFBF62 /* registericon.png in Resources */,
				FCF524FC1AF3A3DE00CDEEE5 /* login@3x.png in Resources */,
				44080AAC1B00F32F000C8C3F /* registericonnew.png in Resources */,
				444240BF1AF2539E004987C0 /* Registerbg.png in Resources */,
				451E40B51AEFB0EB0028FA95 /* VideoSmallicon.png in Resources */,
				45B8C5CC1AE66FAD0051B838 /* Images.xcassets in Resources */,
				451E40931AEF60FB0028FA95 /* LICENSE in Resources */,
				446620401AF2733400372D5C /* registerbtn@2x.png in Resources */,
				4545B60C1AFCCC1400839466 /* ExtraFeild@2x.png in Resources */,
				446620411AF2733400372D5C /* registerbtn@3x.png in Resources */,
				45246E8D1AF0BA7300A51A66 /* uploadicon.jpeg in Resources */,
				451E40AB1AEF62ED0028FA95 /* Creatbtn@2x.png in Resources */,
			);
			runOnlyForDeploymentPostprocessing = 0;
		};
/* End PBXResourcesBuildPhase section */

/* Begin PBXSourcesBuildPhase section */
		45B8C5B71AE66FAD0051B838 /* Sources */ = {
			isa = PBXSourcesBuildPhase;
			buildActionMask = 2147483647;
			files = (
				45740C101AE8BE3E00F2C9AF /* NSObject+SBJSON.m in Sources */,
				45246E8B1AF0ADC800A51A66 /* EditVideoViewController.m in Sources */,
				45740C151AE8BE3E00F2C9AF /* SBJsonWriter.m in Sources */,
				45740C131AE8BE3E00F2C9AF /* SBJsonBase.m in Sources */,
				45B8C5C71AE66FAD0051B838 /* ViewController.m in Sources */,
				3A29A1641B4410B50070BD06 /* ASIDataDecompressor.m in Sources */,
				45B8C5C41AE66FAD0051B838 /* AppDelegate.m in Sources */,
				DF57CC6D1BF22CCF00665F71 /* SocialVideoHelper.m in Sources */,
				451E406F1AEF56E20028FA95 /* VideoListViewController.m in Sources */,
				3A29A1651B4410B50070BD06 /* ASIDownloadCache.m in Sources */,
				451E40991AEF60FB0028FA95 /* SDWebImageDownloaderOperation.m in Sources */,
				3A29A1891B4411910070BD06 /* Reachability.m in Sources */,
				451E40A71AEF61F10028FA95 /* UIImageView+UIActivityIndicatorForSDWebImage.m in Sources */,
				45740C121AE8BE3E00F2C9AF /* SBJSON.m in Sources */,
				3A29A1771B4410B50070BD06 /* ASIS3ServiceRequest.m in Sources */,
				451E40951AEF60FB0028FA95 /* SDImageCache.m in Sources */,
				451E40721AEF5A960028FA95 /* VideoListTableViewCell.m in Sources */,
				451E40B21AEF8C2A0028FA95 /* VideoViewViewController.m in Sources */,
				45740C181AE8D69400F2C9AF /* CreateVideoViewController.m in Sources */,
				45B8C5C11AE66FAD0051B838 /* main.m in Sources */,
				3A29A1761B4410B50070BD06 /* ASIS3Request.m in Sources */,
				45269AE71B0B677B00F2ECDA /* MBProgressHUD.m in Sources */,
				451E409F1AEF60FB0028FA95 /* UIImageView+HighlightedWebCache.m in Sources */,
				451E40961AEF60FB0028FA95 /* SDWebImageCompat.m in Sources */,
				451E40941AEF60FB0028FA95 /* NSData+ImageContentType.m in Sources */,
				45740C1B1AE8D7B300F2C9AF /* ChangepwdViewController.m in Sources */,
				3A29A16D1B4410B50070BD06 /* ASICloudFilesContainerRequest.m in Sources */,
				451E409A1AEF60FB0028FA95 /* SDWebImageManager.m in Sources */,
				451E40981AEF60FB0028FA95 /* SDWebImageDownloader.m in Sources */,
				3A29A1741B4410B50070BD06 /* ASIS3BucketRequest.m in Sources */,
				45740C141AE8BE3E00F2C9AF /* SBJsonParser.m in Sources */,
				3A29A1661B4410B50070BD06 /* ASIFormDataRequest.m in Sources */,
				3A29A1721B4410B50070BD06 /* ASIS3Bucket.m in Sources */,
				3A29A16E1B4410B50070BD06 /* ASICloudFilesContainerXMLParserDelegate.m in Sources */,
				3A29A16F1B4410B50070BD06 /* ASICloudFilesObject.m in Sources */,
				4549C1AC1B131C3A00E5243F /* EditProfileViewController.m in Sources */,
				3A29A1701B4410B50070BD06 /* ASICloudFilesObjectRequest.m in Sources */,
				451E409D1AEF60FB0028FA95 /* UIImage+GIF.m in Sources */,
				45740C111AE8BE3E00F2C9AF /* NSString+SBJSON.m in Sources */,
				451E409B1AEF60FB0028FA95 /* SDWebImagePrefetcher.m in Sources */,
				451E409C1AEF60FB0028FA95 /* UIButton+WebCache.m in Sources */,
				451E40A01AEF60FB0028FA95 /* UIImageView+WebCache.m in Sources */,
				3A29A1751B4410B50070BD06 /* ASIS3ObjectRequest.m in Sources */,
				3A29A1671B4410B50070BD06 /* ASIHTTPRequest.m in Sources */,
				3A29A16B1B4410B50070BD06 /* ASICloudFilesCDNRequest.m in Sources */,
				3A29A1621B4410B50070BD06 /* ASIAuthenticationDialog.m in Sources */,
				3A29A1631B4410B50070BD06 /* ASIDataCompressor.m in Sources */,
				451E40A11AEF60FB0028FA95 /* UIView+WebCacheOperation.m in Sources */,
				3A29A1681B4410B50070BD06 /* ASIInputStream.m in Sources */,
				3A29A16A1B4410B50070BD06 /* ASIWebPageRequest.m in Sources */,
				451E409E1AEF60FB0028FA95 /* UIImage+MultiFormat.m in Sources */,
				451E40971AEF60FB0028FA95 /* SDWebImageDecoder.m in Sources */,
				3A29A1731B4410B50070BD06 /* ASIS3BucketObject.m in Sources */,
				3A29A16C1B4410B50070BD06 /* ASICloudFilesContainer.m in Sources */,
				3A29A1711B4410B50070BD06 /* ASICloudFilesRequest.m in Sources */,
				45B8C5E61AE6733E0051B838 /* RegisterViewController.m in Sources */,
				3A29A1691B4410B50070BD06 /* ASINetworkQueue.m in Sources */,
			);
			runOnlyForDeploymentPostprocessing = 0;
		};
/* End PBXSourcesBuildPhase section */

/* Begin PBXVariantGroup section */
		45B8C5C81AE66FAD0051B838 /* Main.storyboard */ = {
			isa = PBXVariantGroup;
			children = (
				45B8C5C91AE66FAD0051B838 /* Base */,
			);
			name = Main.storyboard;
			sourceTree = "<group>";
		};
		45B8C5CD1AE66FAD0051B838 /* LaunchScreen.xib */ = {
			isa = PBXVariantGroup;
			children = (
				45B8C5CE1AE66FAD0051B838 /* Base */,
			);
			name = LaunchScreen.xib;
			sourceTree = "<group>";
		};
/* End PBXVariantGroup section */

/* Begin XCBuildConfiguration section */
		45B8C5DC1AE66FAD0051B838 /* Debug */ = {
			isa = XCBuildConfiguration;
			buildSettings = {
				ALWAYS_SEARCH_USER_PATHS = NO;
				CLANG_CXX_LANGUAGE_STANDARD = "gnu++0x";
				CLANG_CXX_LIBRARY = "libc++";
				CLANG_ENABLE_MODULES = YES;
				CLANG_ENABLE_OBJC_ARC = YES;
				CLANG_WARN_BOOL_CONVERSION = YES;
				CLANG_WARN_CONSTANT_CONVERSION = YES;
				CLANG_WARN_DIRECT_OBJC_ISA_USAGE = YES_ERROR;
				CLANG_WARN_EMPTY_BODY = YES;
				CLANG_WARN_ENUM_CONVERSION = YES;
				CLANG_WARN_INT_CONVERSION = YES;
				CLANG_WARN_OBJC_ROOT_CLASS = YES_ERROR;
				CLANG_WARN_UNREACHABLE_CODE = YES;
				CLANG_WARN__DUPLICATE_METHOD_MATCH = YES;
				CODE_SIGN_IDENTITY = "iPhone Distribution: KVE, LLC (975Q58EYR9)";
				"CODE_SIGN_IDENTITY[sdk=iphoneos*]" = "iPhone Distribution: KVE, LLC (975Q58EYR9)";
				COPY_PHASE_STRIP = NO;
				ENABLE_STRICT_OBJC_MSGSEND = YES;
				GCC_C_LANGUAGE_STANDARD = gnu99;
				GCC_DYNAMIC_NO_PIC = NO;
				GCC_OPTIMIZATION_LEVEL = 0;
				GCC_PREPROCESSOR_DEFINITIONS = (
					"DEBUG=1",
					"$(inherited)",
				);
				GCC_SYMBOLS_PRIVATE_EXTERN = NO;
				GCC_WARN_64_TO_32_BIT_CONVERSION = YES;
				GCC_WARN_ABOUT_RETURN_TYPE = YES_ERROR;
				GCC_WARN_UNDECLARED_SELECTOR = YES;
				GCC_WARN_UNINITIALIZED_AUTOS = YES_AGGRESSIVE;
				GCC_WARN_UNUSED_FUNCTION = YES;
				GCC_WARN_UNUSED_VARIABLE = YES;
				IPHONEOS_DEPLOYMENT_TARGET = 6.0;
				MTL_ENABLE_DEBUG_INFO = YES;
				ONLY_ACTIVE_ARCH = YES;
				PROVISIONING_PROFILE = "7f408f0d-7805-447e-896c-bc5d6b737e52";
				SDKROOT = iphoneos;
			};
			name = Debug;
		};
		45B8C5DD1AE66FAD0051B838 /* Release */ = {
			isa = XCBuildConfiguration;
			buildSettings = {
				ALWAYS_SEARCH_USER_PATHS = NO;
				CLANG_CXX_LANGUAGE_STANDARD = "gnu++0x";
				CLANG_CXX_LIBRARY = "libc++";
				CLANG_ENABLE_MODULES = YES;
				CLANG_ENABLE_OBJC_ARC = YES;
				CLANG_WARN_BOOL_CONVERSION = YES;
				CLANG_WARN_CONSTANT_CONVERSION = YES;
				CLANG_WARN_DIRECT_OBJC_ISA_USAGE = YES_ERROR;
				CLANG_WARN_EMPTY_BODY = YES;
				CLANG_WARN_ENUM_CONVERSION = YES;
				CLANG_WARN_INT_CONVERSION = YES;
				CLANG_WARN_OBJC_ROOT_CLASS = YES_ERROR;
				CLANG_WARN_UNREACHABLE_CODE = YES;
				CLANG_WARN__DUPLICATE_METHOD_MATCH = YES;
				CODE_SIGN_IDENTITY = "iPhone Distribution: KVE, LLC (975Q58EYR9)";
				"CODE_SIGN_IDENTITY[sdk=iphoneos*]" = "iPhone Distribution: KVE, LLC (975Q58EYR9)";
				COPY_PHASE_STRIP = YES;
				ENABLE_NS_ASSERTIONS = NO;
				ENABLE_STRICT_OBJC_MSGSEND = YES;
				GCC_C_LANGUAGE_STANDARD = gnu99;
				GCC_WARN_64_TO_32_BIT_CONVERSION = YES;
				GCC_WARN_ABOUT_RETURN_TYPE = YES_ERROR;
				GCC_WARN_UNDECLARED_SELECTOR = YES;
				GCC_WARN_UNINITIALIZED_AUTOS = YES_AGGRESSIVE;
				GCC_WARN_UNUSED_FUNCTION = YES;
				GCC_WARN_UNUSED_VARIABLE = YES;
				IPHONEOS_DEPLOYMENT_TARGET = 6.0;
				MTL_ENABLE_DEBUG_INFO = NO;
				PROVISIONING_PROFILE = "7f408f0d-7805-447e-896c-bc5d6b737e52";
				SDKROOT = iphoneos;
				VALIDATE_PRODUCT = YES;
			};
			name = Release;
		};
		45B8C5DF1AE66FAD0051B838 /* Debug */ = {
			isa = XCBuildConfiguration;
			buildSettings = {
				ASSETCATALOG_COMPILER_APPICON_NAME = AppIcon;
				ASSETCATALOG_COMPILER_LAUNCHIMAGE_NAME = LaunchImage;
				CODE_SIGN_IDENTITY = "iPhone Developer: Gary Garris (6MUCWRXSKT)";
				"CODE_SIGN_IDENTITY[sdk=iphoneos*]" = "iPhone Developer: Gary Garris (6MUCWRXSKT)";
				HEADER_SEARCH_PATHS = (
					"$(inherited)",
					/Users/theonetech29/Desktop/Xcode.app/Contents/Developer/Toolchains/XcodeDefault.xctoolchain/usr/include,
					/usr/include/libxml2,
				);
				INFOPLIST_FILE = OverlayApp/Info.plist;
				IPHONEOS_DEPLOYMENT_TARGET = 7.0;
				LD_RUNPATH_SEARCH_PATHS = "$(inherited) @executable_path/Frameworks";
				OTHER_LDFLAGS = "-ObjC";
				PRODUCT_BUNDLE_IDENTIFIER = com.test.sdf;
				PRODUCT_NAME = SnapSyn;
				PROVISIONING_PROFILE = "481e1afb-681d-4b83-8428-f20d95a91da9";
			};
			name = Debug;
		};
		45B8C5E01AE66FAD0051B838 /* Release */ = {
			isa = XCBuildConfiguration;
			buildSettings = {
				ASSETCATALOG_COMPILER_APPICON_NAME = AppIcon;
				ASSETCATALOG_COMPILER_LAUNCHIMAGE_NAME = LaunchImage;
				CODE_SIGN_IDENTITY = "iPhone Developer: Gary Garris (6MUCWRXSKT)";
				"CODE_SIGN_IDENTITY[sdk=iphoneos*]" = "iPhone Developer: Gary Garris (6MUCWRXSKT)";
				HEADER_SEARCH_PATHS = (
					"$(inherited)",
					/Users/theonetech29/Desktop/Xcode.app/Contents/Developer/Toolchains/XcodeDefault.xctoolchain/usr/include,
					/usr/include/libxml2,
				);
				INFOPLIST_FILE = OverlayApp/Info.plist;
				IPHONEOS_DEPLOYMENT_TARGET = 7.0;
				LD_RUNPATH_SEARCH_PATHS = "$(inherited) @executable_path/Frameworks";
				OTHER_LDFLAGS = "-ObjC";
				PRODUCT_BUNDLE_IDENTIFIER = com.test.sdf;
				PRODUCT_NAME = SnapSyn;
				PROVISIONING_PROFILE = "481e1afb-681d-4b83-8428-f20d95a91da9";
			};
			name = Release;
		};
/* End XCBuildConfiguration section */

/* Begin XCConfigurationList section */
		45B8C5B61AE66FAD0051B838 /* Build configuration list for PBXProject "SnapSyn" */ = {
			isa = XCConfigurationList;
			buildConfigurations = (
				45B8C5DC1AE66FAD0051B838 /* Debug */,
				45B8C5DD1AE66FAD0051B838 /* Release */,
			);
			defaultConfigurationIsVisible = 0;
			defaultConfigurationName = Release;
		};
		45B8C5DE1AE66FAD0051B838 /* Build configuration list for PBXNativeTarget "SnapSyn" */ = {
			isa = XCConfigurationList;
			buildConfigurations = (
				45B8C5DF1AE66FAD0051B838 /* Debug */,
				45B8C5E01AE66FAD0051B838 /* Release */,
			);
			defaultConfigurationIsVisible = 0;
			defaultConfigurationName = Release;
		};
/* End XCConfigurationList section */
	};
	rootObject = 45B8C5B31AE66FAD0051B838 /* Project object */;
}
